{
  "version": 4,
  "terraform_version": "1.7.0",
  "serial": 585,
  "lineage": "b5fe7ff9-aa15-20cf-c325-05c02902b2af",
  "outputs": {},
  "resources": [
    {
      "mode": "managed",
      "type": "yandex_alb_http_router",
      "name": "htr",
      "provider": "provider[\"registry.terraform.io/yandex-cloud/yandex\"]",
      "instances": [
        {
          "schema_version": 0,
          "attributes": {
            "created_at": "2024-04-23T20:41:54Z",
            "description": "",
            "folder_id": "b1gfcg9sv09pksgqrav5",
            "id": "ds7lcr088omk3ia9qu6q",
            "labels": {
              "empty-label": "",
              "tf-label": "tf-label-value"
            },
            "name": "htr",
            "route_options": [],
            "timeouts": null
          },
          "sensitive_attributes": [],
          "private": "eyJlMmJmYjczMC1lY2FhLTExZTYtOGY4OC0zNDM2M2JjN2M0YzAiOnsiY3JlYXRlIjozMDAwMDAwMDAwMDAsImRlbGV0ZSI6MzAwMDAwMDAwMDAwLCJ1cGRhdGUiOjMwMDAwMDAwMDAwMH19"
        }
      ]
    },
    {
      "mode": "managed",
      "type": "yandex_alb_load_balancer",
      "name": "test-balancer",
      "provider": "provider[\"registry.terraform.io/yandex-cloud/yandex\"]",
      "instances": [
        {
          "schema_version": 0,
          "attributes": {
            "allocation_policy": [
              {
                "location": [
                  {
                    "disable_traffic": false,
                    "subnet_id": "e2liuncs3sdj0ha96e9t",
                    "zone_id": "ru-central1-b"
                  }
                ]
              }
            ],
            "created_at": "2024-04-23T20:41:56Z",
            "description": "",
            "folder_id": "b1gfcg9sv09pksgqrav5",
            "id": "ds7bi22qsu6j69a0dis2",
            "labels": {},
            "listener": [
              {
                "endpoint": [
                  {
                    "address": [
                      {
                        "external_ipv4_address": [
                          {
                            "address": "158.160.155.71"
                          }
                        ],
                        "external_ipv6_address": [],
                        "internal_ipv4_address": []
                      }
                    ],
                    "ports": [
                      9000
                    ]
                  }
                ],
                "http": [
                  {
                    "handler": [
                      {
                        "allow_http10": false,
                        "http2_options": [],
                        "http_router_id": "ds7lcr088omk3ia9qu6q",
                        "rewrite_request_id": false
                      }
                    ],
                    "redirects": []
                  }
                ],
                "name": "listener-test",
                "stream": [],
                "tls": []
              }
            ],
            "log_group_id": "",
            "log_options": [],
            "name": "test-balancer",
            "network_id": "enplok7uu60vr9vqnbrk",
            "region_id": "",
            "security_group_ids": [
              "enpm98ra67uneepar3hh"
            ],
            "status": "active",
            "timeouts": null
          },
          "sensitive_attributes": [],
          "private": "eyJlMmJmYjczMC1lY2FhLTExZTYtOGY4OC0zNDM2M2JjN2M0YzAiOnsiY3JlYXRlIjo2MDAwMDAwMDAwMDAsImRlbGV0ZSI6NjAwMDAwMDAwMDAwLCJ1cGRhdGUiOjYwMDAwMDAwMDAwMH19",
          "dependencies": [
            "yandex_alb_http_router.htr",
            "yandex_vpc_network.internal-bastion-network",
            "yandex_vpc_security_group.internal-bastion-sg",
            "yandex_vpc_subnet.bastion-internal-segment-c"
          ]
        }
      ]
    },
    {
      "mode": "managed",
      "type": "yandex_compute_instance",
      "name": "vm-elastics",
      "provider": "provider[\"registry.terraform.io/yandex-cloud/yandex\"]",
      "instances": [
        {
          "schema_version": 1,
          "attributes": {
            "allow_recreate": null,
            "allow_stopping_for_update": null,
            "boot_disk": [
              {
                "auto_delete": true,
                "device_name": "epdl46bj7hjavbc68hca",
                "disk_id": "epdl46bj7hjavbc68hca",
                "initialize_params": [
                  {
                    "block_size": 4096,
                    "description": "",
                    "image_id": "fd8l45jhe4nvt0ih7h2e",
                    "name": "",
                    "size": 10,
                    "snapshot_id": "",
                    "type": "network-hdd"
                  }
                ],
                "mode": "READ_WRITE"
              }
            ],
            "created_at": "2024-04-23T20:42:00Z",
            "description": "",
            "filesystem": [],
            "folder_id": "b1gfcg9sv09pksgqrav5",
            "fqdn": "epdadaqakiabsddu9slf.auto.internal",
            "gpu_cluster_id": "",
            "hostname": "",
            "id": "epdadaqakiabsddu9slf",
            "labels": {},
            "local_disk": [],
            "maintenance_grace_period": "",
            "maintenance_policy": null,
            "metadata": {
              "user-data": "#cloud-config\ndatasource:\n  Ec2:\n    strict_id: false\nssh_pwauth: no\nusers:\n - name: ermac\n   groups: sudo\n   shell: /bin/bash\n   sudo: [\"ALL=(ALL) NOPASSWD:ALL\"]\n   ssh-authorized-keys:\n     - ssh-rsa AAAAB3NzaC1yc2EAAAADAQABAAABgQDNP5/gTNSmOG4v06DCdB3UU9CnXqgs97t6dQYzehIX7bwK0mBgN+uV/Kj+Sde0rCiwqcTZ8TVPkLmMXnYCf0H6ilBaOUBUplCLX9hQfACywpS37CtrX/MrlZhpejkPR2EAFI8t1/JbKs99KI/wYlcn6g1SXAuDOyiVwVAGw3PcwdCPvqe/blExZ3arFoWw1bwERoow3ynJKRA5DnISUBb2p1mEH+MMUkE1XR2btfCRe09NmQJseuTJjKKy9pOJntffuxWjcQ0El1vDvn2ZK7s4jlFLIxRmh5f4prguw+72iIhArMz7K1CNd4ZiuMaVrzMCqHLkELoebDnsySTfIqd6oLyYao1ck41lB0aJhxjiiPKJlgdmnJxrGYdQmrF0GKUN8qy3Hx3CeU4C63pA8qkDjAR7sN2vihd5b5Ox5momGbKv1xinMVV9dLtk/LsnNd+gHGiz3biSVckdfPl1mw36mZxCJejtKW/eGr0eyWZNk8/OQSxKFBrwC6le2tySqfU= ermac@DESKTOP-62E2IUC\nruncmd: []"
            },
            "metadata_options": [
              {
                "aws_v1_http_endpoint": 1,
                "aws_v1_http_token": 2,
                "gce_http_endpoint": 1,
                "gce_http_token": 1
              }
            ],
            "name": "vm-elastics2",
            "network_acceleration_type": "standard",
            "network_interface": [
              {
                "dns_record": [],
                "index": 0,
                "ip_address": "172.16.16.8",
                "ipv4": true,
                "ipv6": false,
                "ipv6_address": "",
                "ipv6_dns_record": [],
                "mac_address": "d0:0d:a6:ab:4a:a4",
                "nat": false,
                "nat_dns_record": [],
                "nat_ip_address": "",
                "nat_ip_version": "",
                "security_group_ids": [
                  "enpm98ra67uneepar3hh"
                ],
                "subnet_id": "e2lhhog21dd1hup3rmln"
              }
            ],
            "placement_policy": [
              {
                "host_affinity_rules": [],
                "placement_group_id": "",
                "placement_group_partition": 0
              }
            ],
            "platform_id": "standard-v2",
            "resources": [
              {
                "core_fraction": 20,
                "cores": 2,
                "gpus": 0,
                "memory": 1
              }
            ],
            "scheduling_policy": [
              {
                "preemptible": true
              }
            ],
            "secondary_disk": [],
            "service_account_id": "",
            "status": "running",
            "timeouts": null,
            "zone": "ru-central1-b"
          },
          "sensitive_attributes": [],
          "private": "eyJlMmJmYjczMC1lY2FhLTExZTYtOGY4OC0zNDM2M2JjN2M0YzAiOnsiY3JlYXRlIjozMDAwMDAwMDAwMDAsImRlbGV0ZSI6MzAwMDAwMDAwMDAwLCJ1cGRhdGUiOjMwMDAwMDAwMDAwMH0sInNjaGVtYV92ZXJzaW9uIjoiMSJ9",
          "dependencies": [
            "yandex_vpc_gateway.nat_gateway",
            "yandex_vpc_network.internal-bastion-network",
            "yandex_vpc_route_table.rt",
            "yandex_vpc_security_group.internal-bastion-sg",
            "yandex_vpc_subnet.bastion-internal-segment-b"
          ]
        }
      ]
    },
    {
      "mode": "managed",
      "type": "yandex_compute_instance",
      "name": "vm-kibana",
      "provider": "provider[\"registry.terraform.io/yandex-cloud/yandex\"]",
      "instances": [
        {
          "schema_version": 1,
          "attributes": {
            "allow_recreate": null,
            "allow_stopping_for_update": null,
            "boot_disk": [
              {
                "auto_delete": true,
                "device_name": "epde5vq90mhgqvptop7v",
                "disk_id": "epde5vq90mhgqvptop7v",
                "initialize_params": [
                  {
                    "block_size": 4096,
                    "description": "",
                    "image_id": "fd8l45jhe4nvt0ih7h2e",
                    "name": "",
                    "size": 10,
                    "snapshot_id": "",
                    "type": "network-hdd"
                  }
                ],
                "mode": "READ_WRITE"
              }
            ],
            "created_at": "2024-04-23T20:41:57Z",
            "description": "",
            "filesystem": [],
            "folder_id": "b1gfcg9sv09pksgqrav5",
            "fqdn": "epd3athipqi9ruq8si6j.auto.internal",
            "gpu_cluster_id": "",
            "hostname": "",
            "id": "epd3athipqi9ruq8si6j",
            "labels": {},
            "local_disk": [],
            "maintenance_grace_period": "",
            "maintenance_policy": null,
            "metadata": {},
            "metadata_options": [
              {
                "aws_v1_http_endpoint": 1,
                "aws_v1_http_token": 2,
                "gce_http_endpoint": 1,
                "gce_http_token": 1
              }
            ],
            "name": "vm-kibana",
            "network_acceleration_type": "standard",
            "network_interface": [
              {
                "dns_record": [],
                "index": 0,
                "ip_address": "172.16.17.24",
                "ipv4": true,
                "ipv6": false,
                "ipv6_address": "",
                "ipv6_dns_record": [],
                "mac_address": "d0:0d:35:76:32:ce",
                "nat": true,
                "nat_dns_record": [],
                "nat_ip_address": "84.201.138.159",
                "nat_ip_version": "IPV4",
                "security_group_ids": [
                  "enpm98ra67uneepar3hh"
                ],
                "subnet_id": "e2liuncs3sdj0ha96e9t"
              }
            ],
            "placement_policy": [
              {
                "host_affinity_rules": [],
                "placement_group_id": "",
                "placement_group_partition": 0
              }
            ],
            "platform_id": "standard-v2",
            "resources": [
              {
                "core_fraction": 20,
                "cores": 2,
                "gpus": 0,
                "memory": 1
              }
            ],
            "scheduling_policy": [
              {
                "preemptible": true
              }
            ],
            "secondary_disk": [],
            "service_account_id": "",
            "status": "running",
            "timeouts": null,
            "zone": "ru-central1-b"
          },
          "sensitive_attributes": [],
          "private": "eyJlMmJmYjczMC1lY2FhLTExZTYtOGY4OC0zNDM2M2JjN2M0YzAiOnsiY3JlYXRlIjozMDAwMDAwMDAwMDAsImRlbGV0ZSI6MzAwMDAwMDAwMDAwLCJ1cGRhdGUiOjMwMDAwMDAwMDAwMH0sInNjaGVtYV92ZXJzaW9uIjoiMSJ9",
          "dependencies": [
            "yandex_vpc_network.internal-bastion-network",
            "yandex_vpc_security_group.internal-bastion-sg",
            "yandex_vpc_subnet.bastion-internal-segment-c"
          ]
        }
      ]
    },
    {
      "mode": "managed",
      "type": "yandex_compute_instance",
      "name": "vm-web1",
      "provider": "provider[\"registry.terraform.io/yandex-cloud/yandex\"]",
      "instances": [
        {
          "schema_version": 1,
          "attributes": {
            "allow_recreate": null,
            "allow_stopping_for_update": null,
            "boot_disk": [
              {
                "auto_delete": true,
                "device_name": "fhmkcph4knmbl408avbj",
                "disk_id": "fhmkcph4knmbl408avbj",
                "initialize_params": [
                  {
                    "block_size": 4096,
                    "description": "",
                    "image_id": "fd8l45jhe4nvt0ih7h2e",
                    "name": "",
                    "size": 10,
                    "snapshot_id": "",
                    "type": "network-hdd"
                  }
                ],
                "mode": "READ_WRITE"
              }
            ],
            "created_at": "2024-04-23T20:41:58Z",
            "description": "",
            "filesystem": [],
            "folder_id": "b1gfcg9sv09pksgqrav5",
            "fqdn": "fhmld2muq3ciftqfkutl.auto.internal",
            "gpu_cluster_id": "",
            "hostname": "",
            "id": "fhmld2muq3ciftqfkutl",
            "labels": {},
            "local_disk": [],
            "maintenance_grace_period": "",
            "maintenance_policy": null,
            "metadata": {
              "user-data": "#cloud-config\ndatasource:\n  Ec2:\n    strict_id: false\nssh_pwauth: no\nusers:\n - name: ermac\n   groups: sudo\n   shell: /bin/bash\n   sudo: [\"ALL=(ALL) NOPASSWD:ALL\"]\n   ssh-authorized-keys:\n     - ssh-rsa AAAAB3NzaC1yc2EAAAADAQABAAABgQDNP5/gTNSmOG4v06DCdB3UU9CnXqgs97t6dQYzehIX7bwK0mBgN+uV/Kj+Sde0rCiwqcTZ8TVPkLmMXnYCf0H6ilBaOUBUplCLX9hQfACywpS37CtrX/MrlZhpejkPR2EAFI8t1/JbKs99KI/wYlcn6g1SXAuDOyiVwVAGw3PcwdCPvqe/blExZ3arFoWw1bwERoow3ynJKRA5DnISUBb2p1mEH+MMUkE1XR2btfCRe09NmQJseuTJjKKy9pOJntffuxWjcQ0El1vDvn2ZK7s4jlFLIxRmh5f4prguw+72iIhArMz7K1CNd4ZiuMaVrzMCqHLkELoebDnsySTfIqd6oLyYao1ck41lB0aJhxjiiPKJlgdmnJxrGYdQmrF0GKUN8qy3Hx3CeU4C63pA8qkDjAR7sN2vihd5b5Ox5momGbKv1xinMVV9dLtk/LsnNd+gHGiz3biSVckdfPl1mw36mZxCJejtKW/eGr0eyWZNk8/OQSxKFBrwC6le2tySqfU= ermac@DESKTOP-62E2IUC\nruncmd: []"
            },
            "metadata_options": [
              {
                "aws_v1_http_endpoint": 1,
                "aws_v1_http_token": 2,
                "gce_http_endpoint": 1,
                "gce_http_token": 1
              }
            ],
            "name": "vm-web-a",
            "network_acceleration_type": "standard",
            "network_interface": [
              {
                "dns_record": [],
                "index": 0,
                "ip_address": "172.16.15.17",
                "ipv4": true,
                "ipv6": false,
                "ipv6_address": "",
                "ipv6_dns_record": [],
                "mac_address": "d0:0d:15:68:ad:ed",
                "nat": false,
                "nat_dns_record": [],
                "nat_ip_address": "",
                "nat_ip_version": "",
                "security_group_ids": [
                  "enpm98ra67uneepar3hh"
                ],
                "subnet_id": "e9bbsmp6ttrnqrljf16c"
              }
            ],
            "placement_policy": [
              {
                "host_affinity_rules": [],
                "placement_group_id": "",
                "placement_group_partition": 0
              }
            ],
            "platform_id": "standard-v2",
            "resources": [
              {
                "core_fraction": 20,
                "cores": 2,
                "gpus": 0,
                "memory": 1
              }
            ],
            "scheduling_policy": [
              {
                "preemptible": true
              }
            ],
            "secondary_disk": [],
            "service_account_id": "",
            "status": "running",
            "timeouts": null,
            "zone": "ru-central1-a"
          },
          "sensitive_attributes": [],
          "private": "eyJlMmJmYjczMC1lY2FhLTExZTYtOGY4OC0zNDM2M2JjN2M0YzAiOnsiY3JlYXRlIjozMDAwMDAwMDAwMDAsImRlbGV0ZSI6MzAwMDAwMDAwMDAwLCJ1cGRhdGUiOjMwMDAwMDAwMDAwMH0sInNjaGVtYV92ZXJzaW9uIjoiMSJ9",
          "dependencies": [
            "yandex_vpc_gateway.nat_gateway",
            "yandex_vpc_network.internal-bastion-network",
            "yandex_vpc_route_table.rt",
            "yandex_vpc_security_group.internal-bastion-sg",
            "yandex_vpc_subnet.bastion-internal-segment-a"
          ]
        }
      ]
    },
    {
      "mode": "managed",
      "type": "yandex_compute_instance",
      "name": "vm-web2",
      "provider": "provider[\"registry.terraform.io/yandex-cloud/yandex\"]",
      "instances": [
        {
          "schema_version": 1,
          "attributes": {
            "allow_recreate": null,
            "allow_stopping_for_update": null,
            "boot_disk": [
              {
                "auto_delete": true,
                "device_name": "epdqhtcq26cboeat7ss1",
                "disk_id": "epdqhtcq26cboeat7ss1",
                "initialize_params": [
                  {
                    "block_size": 4096,
                    "description": "",
                    "image_id": "fd8l45jhe4nvt0ih7h2e",
                    "name": "",
                    "size": 10,
                    "snapshot_id": "",
                    "type": "network-hdd"
                  }
                ],
                "mode": "READ_WRITE"
              }
            ],
            "created_at": "2024-04-23T20:42:00Z",
            "description": "",
            "filesystem": [],
            "folder_id": "b1gfcg9sv09pksgqrav5",
            "fqdn": "epdkvn2adc5jrf0jjf1a.auto.internal",
            "gpu_cluster_id": "",
            "hostname": "",
            "id": "epdkvn2adc5jrf0jjf1a",
            "labels": {},
            "local_disk": [],
            "maintenance_grace_period": "",
            "maintenance_policy": null,
            "metadata": {},
            "metadata_options": [
              {
                "aws_v1_http_endpoint": 1,
                "aws_v1_http_token": 2,
                "gce_http_endpoint": 1,
                "gce_http_token": 1
              }
            ],
            "name": "vm-web2",
            "network_acceleration_type": "standard",
            "network_interface": [
              {
                "dns_record": [],
                "index": 0,
                "ip_address": "172.16.16.18",
                "ipv4": true,
                "ipv6": false,
                "ipv6_address": "",
                "ipv6_dns_record": [],
                "mac_address": "d0:0d:14:fd:c4:a6",
                "nat": false,
                "nat_dns_record": [],
                "nat_ip_address": "",
                "nat_ip_version": "",
                "security_group_ids": [
                  "enpm98ra67uneepar3hh"
                ],
                "subnet_id": "e2lhhog21dd1hup3rmln"
              }
            ],
            "placement_policy": [
              {
                "host_affinity_rules": [],
                "placement_group_id": "",
                "placement_group_partition": 0
              }
            ],
            "platform_id": "standard-v2",
            "resources": [
              {
                "core_fraction": 20,
                "cores": 2,
                "gpus": 0,
                "memory": 1
              }
            ],
            "scheduling_policy": [
              {
                "preemptible": true
              }
            ],
            "secondary_disk": [],
            "service_account_id": "",
            "status": "running",
            "timeouts": null,
            "zone": "ru-central1-b"
          },
          "sensitive_attributes": [],
          "private": "eyJlMmJmYjczMC1lY2FhLTExZTYtOGY4OC0zNDM2M2JjN2M0YzAiOnsiY3JlYXRlIjozMDAwMDAwMDAwMDAsImRlbGV0ZSI6MzAwMDAwMDAwMDAwLCJ1cGRhdGUiOjMwMDAwMDAwMDAwMH0sInNjaGVtYV92ZXJzaW9uIjoiMSJ9",
          "dependencies": [
            "yandex_vpc_gateway.nat_gateway",
            "yandex_vpc_network.internal-bastion-network",
            "yandex_vpc_route_table.rt",
            "yandex_vpc_security_group.internal-bastion-sg",
            "yandex_vpc_subnet.bastion-internal-segment-b"
          ]
        }
      ]
    },
    {
      "mode": "managed",
      "type": "yandex_compute_instance",
      "name": "vm-zabbix",
      "provider": "provider[\"registry.terraform.io/yandex-cloud/yandex\"]",
      "instances": [
        {
          "schema_version": 1,
          "attributes": {
            "allow_recreate": null,
            "allow_stopping_for_update": null,
            "boot_disk": [
              {
                "auto_delete": true,
                "device_name": "epdmn8jiorpif8j93mvj",
                "disk_id": "epdmn8jiorpif8j93mvj",
                "initialize_params": [
                  {
                    "block_size": 4096,
                    "description": "",
                    "image_id": "fd8l45jhe4nvt0ih7h2e",
                    "name": "",
                    "size": 10,
                    "snapshot_id": "",
                    "type": "network-hdd"
                  }
                ],
                "mode": "READ_WRITE"
              }
            ],
            "created_at": "2024-04-23T20:41:57Z",
            "description": "",
            "filesystem": [],
            "folder_id": "b1gfcg9sv09pksgqrav5",
            "fqdn": "epd1s5gu1u7gsnnrve2p.auto.internal",
            "gpu_cluster_id": "",
            "hostname": "",
            "id": "epd1s5gu1u7gsnnrve2p",
            "labels": {},
            "local_disk": [],
            "maintenance_grace_period": "",
            "maintenance_policy": null,
            "metadata": {
              "user-data": "#cloud-config\ndatasource:\n  Ec2:\n    strict_id: false\nssh_pwauth: no\nusers:\n - name: ermac\n   groups: sudo\n   shell: /bin/bash\n   sudo: [\"ALL=(ALL) NOPASSWD:ALL\"]\n   ssh-authorized-keys:\n     - ssh-rsa AAAAB3NzaC1yc2EAAAADAQABAAABgQDNP5/gTNSmOG4v06DCdB3UU9CnXqgs97t6dQYzehIX7bwK0mBgN+uV/Kj+Sde0rCiwqcTZ8TVPkLmMXnYCf0H6ilBaOUBUplCLX9hQfACywpS37CtrX/MrlZhpejkPR2EAFI8t1/JbKs99KI/wYlcn6g1SXAuDOyiVwVAGw3PcwdCPvqe/blExZ3arFoWw1bwERoow3ynJKRA5DnISUBb2p1mEH+MMUkE1XR2btfCRe09NmQJseuTJjKKy9pOJntffuxWjcQ0El1vDvn2ZK7s4jlFLIxRmh5f4prguw+72iIhArMz7K1CNd4ZiuMaVrzMCqHLkELoebDnsySTfIqd6oLyYao1ck41lB0aJhxjiiPKJlgdmnJxrGYdQmrF0GKUN8qy3Hx3CeU4C63pA8qkDjAR7sN2vihd5b5Ox5momGbKv1xinMVV9dLtk/LsnNd+gHGiz3biSVckdfPl1mw36mZxCJejtKW/eGr0eyWZNk8/OQSxKFBrwC6le2tySqfU= ermac@DESKTOP-62E2IUC\nruncmd: []"
            },
            "metadata_options": [
              {
                "aws_v1_http_endpoint": 1,
                "aws_v1_http_token": 2,
                "gce_http_endpoint": 1,
                "gce_http_token": 1
              }
            ],
            "name": "vm-zabbix",
            "network_acceleration_type": "standard",
            "network_interface": [
              {
                "dns_record": [],
                "index": 0,
                "ip_address": "172.16.17.9",
                "ipv4": true,
                "ipv6": false,
                "ipv6_address": "",
                "ipv6_dns_record": [],
                "mac_address": "d0:0d:1e:16:1e:0f",
                "nat": true,
                "nat_dns_record": [],
                "nat_ip_address": "84.252.140.44",
                "nat_ip_version": "IPV4",
                "security_group_ids": [
                  "enpm98ra67uneepar3hh"
                ],
                "subnet_id": "e2liuncs3sdj0ha96e9t"
              }
            ],
            "placement_policy": [
              {
                "host_affinity_rules": [],
                "placement_group_id": "",
                "placement_group_partition": 0
              }
            ],
            "platform_id": "standard-v2",
            "resources": [
              {
                "core_fraction": 20,
                "cores": 2,
                "gpus": 0,
                "memory": 1
              }
            ],
            "scheduling_policy": [
              {
                "preemptible": true
              }
            ],
            "secondary_disk": [],
            "service_account_id": "",
            "status": "running",
            "timeouts": null,
            "zone": "ru-central1-b"
          },
          "sensitive_attributes": [],
          "private": "eyJlMmJmYjczMC1lY2FhLTExZTYtOGY4OC0zNDM2M2JjN2M0YzAiOnsiY3JlYXRlIjozMDAwMDAwMDAwMDAsImRlbGV0ZSI6MzAwMDAwMDAwMDAwLCJ1cGRhdGUiOjMwMDAwMDAwMDAwMH0sInNjaGVtYV92ZXJzaW9uIjoiMSJ9",
          "dependencies": [
            "yandex_vpc_network.internal-bastion-network",
            "yandex_vpc_security_group.internal-bastion-sg",
            "yandex_vpc_subnet.bastion-internal-segment-c"
          ]
        }
      ]
    },
    {
      "mode": "managed",
      "type": "yandex_vpc_gateway",
      "name": "nat_gateway",
      "provider": "provider[\"registry.terraform.io/yandex-cloud/yandex\"]",
      "instances": [
        {
          "schema_version": 0,
          "attributes": {
            "created_at": "2024-04-23T20:41:54Z",
            "description": "",
            "folder_id": "b1gfcg9sv09pksgqrav5",
            "id": "enpkq1op2ibd7eupipvg",
            "labels": {},
            "name": "test-gateway",
            "shared_egress_gateway": [
              {}
            ],
            "timeouts": null
          },
          "sensitive_attributes": [],
          "private": "eyJlMmJmYjczMC1lY2FhLTExZTYtOGY4OC0zNDM2M2JjN2M0YzAiOnsiY3JlYXRlIjo2MDAwMDAwMDAwMCwiZGVsZXRlIjo2MDAwMDAwMDAwMCwidXBkYXRlIjo2MDAwMDAwMDAwMH19"
        }
      ]
    },
    {
      "mode": "managed",
      "type": "yandex_vpc_network",
      "name": "internal-bastion-network",
      "provider": "provider[\"registry.terraform.io/yandex-cloud/yandex\"]",
      "instances": [
        {
          "schema_version": 0,
          "attributes": {
            "created_at": "2024-04-23T20:41:54Z",
            "default_security_group_id": "enp8mpfgv77p4hrsue5d",
            "description": "",
            "folder_id": "b1gfcg9sv09pksgqrav5",
            "id": "enplok7uu60vr9vqnbrk",
            "labels": {},
            "name": "internal-bastion-network",
            "subnet_ids": [
              "e2lhhog21dd1hup3rmln",
              "e2liuncs3sdj0ha96e9t",
              "e9bbsmp6ttrnqrljf16c"
            ],
            "timeouts": null
          },
          "sensitive_attributes": [],
          "private": "eyJlMmJmYjczMC1lY2FhLTExZTYtOGY4OC0zNDM2M2JjN2M0YzAiOnsiY3JlYXRlIjo2MDAwMDAwMDAwMCwiZGVsZXRlIjo2MDAwMDAwMDAwMCwidXBkYXRlIjo2MDAwMDAwMDAwMH19"
        }
      ]
    },
    {
      "mode": "managed",
      "type": "yandex_vpc_route_table",
      "name": "rt",
      "provider": "provider[\"registry.terraform.io/yandex-cloud/yandex\"]",
      "instances": [
        {
          "schema_version": 0,
          "attributes": {
            "created_at": "2024-04-23T20:41:56Z",
            "description": "",
            "folder_id": "b1gfcg9sv09pksgqrav5",
            "id": "enp71f09nfeunl107fo5",
            "labels": {},
            "name": "test-route-table",
            "network_id": "enplok7uu60vr9vqnbrk",
            "static_route": [
              {
                "destination_prefix": "0.0.0.0/0",
                "gateway_id": "enpkq1op2ibd7eupipvg",
                "next_hop_address": ""
              }
            ],
            "timeouts": null
          },
          "sensitive_attributes": [],
          "private": "eyJlMmJmYjczMC1lY2FhLTExZTYtOGY4OC0zNDM2M2JjN2M0YzAiOnsiY3JlYXRlIjoxODAwMDAwMDAwMDAsImRlbGV0ZSI6MTgwMDAwMDAwMDAwLCJ1cGRhdGUiOjE4MDAwMDAwMDAwMH19",
          "dependencies": [
            "yandex_vpc_gateway.nat_gateway",
            "yandex_vpc_network.internal-bastion-network"
          ]
        }
      ]
    },
    {
      "mode": "managed",
      "type": "yandex_vpc_security_group",
      "name": "internal-bastion-sg",
      "provider": "provider[\"registry.terraform.io/yandex-cloud/yandex\"]",
      "instances": [
        {
          "schema_version": 0,
          "attributes": {
            "created_at": "2024-04-23T20:41:56Z",
            "description": "",
            "egress": [
              {
                "description": "Allow ssh protocol to internet",
                "from_port": -1,
                "id": "enpsa9n69ril64ktve9g",
                "labels": {},
                "port": 22,
                "predefined_target": "self_security_group",
                "protocol": "TCP",
                "security_group_id": "",
                "to_port": -1,
                "v4_cidr_blocks": [],
                "v6_cidr_blocks": []
              }
            ],
            "folder_id": "b1gfcg9sv09pksgqrav5",
            "id": "enpm98ra67uneepar3hh",
            "ingress": [
              {
                "description": "Allow ssh protocol from internet",
                "from_port": -1,
                "id": "enpvcjtqua8i6l7ma15h",
                "labels": {},
                "port": 22,
                "predefined_target": "",
                "protocol": "TCP",
                "security_group_id": "",
                "to_port": -1,
                "v4_cidr_blocks": [
                  "172.16.15.254/32"
                ],
                "v6_cidr_blocks": []
              },
              {
                "description": "Health checks from NLB",
                "from_port": -1,
                "id": "enpr3btput7dd8pm4uei",
                "labels": {},
                "port": -1,
                "predefined_target": "loadbalancer_healthchecks",
                "protocol": "TCP",
                "security_group_id": "",
                "to_port": -1,
                "v4_cidr_blocks": [],
                "v6_cidr_blocks": []
              }
            ],
            "labels": {},
            "name": "",
            "network_id": "enplok7uu60vr9vqnbrk",
            "status": "ACTIVE",
            "timeouts": null
          },
          "sensitive_attributes": [],
          "private": "eyJlMmJmYjczMC1lY2FhLTExZTYtOGY4OC0zNDM2M2JjN2M0YzAiOnsiY3JlYXRlIjoxODAwMDAwMDAwMDAsImRlbGV0ZSI6MTgwMDAwMDAwMDAwLCJ1cGRhdGUiOjE4MDAwMDAwMDAwMH19",
          "dependencies": [
            "yandex_vpc_network.internal-bastion-network"
          ]
        }
      ]
    },
    {
      "mode": "managed",
      "type": "yandex_vpc_subnet",
      "name": "bastion-internal-segment-a",
      "provider": "provider[\"registry.terraform.io/yandex-cloud/yandex\"]",
      "instances": [
        {
          "schema_version": 0,
          "attributes": {
            "created_at": "2024-04-23T20:41:57Z",
            "description": "",
            "dhcp_options": [],
            "folder_id": "b1gfcg9sv09pksgqrav5",
            "id": "e9bbsmp6ttrnqrljf16c",
            "labels": {},
            "name": "bastion-internal-segment-a",
            "network_id": "enplok7uu60vr9vqnbrk",
            "route_table_id": "enp71f09nfeunl107fo5",
            "timeouts": null,
            "v4_cidr_blocks": [
              "172.16.15.0/24"
            ],
            "v6_cidr_blocks": [],
            "zone": "ru-central1-a"
          },
          "sensitive_attributes": [],
          "private": "eyJlMmJmYjczMC1lY2FhLTExZTYtOGY4OC0zNDM2M2JjN2M0YzAiOnsiY3JlYXRlIjoxODAwMDAwMDAwMDAsImRlbGV0ZSI6MTgwMDAwMDAwMDAwLCJ1cGRhdGUiOjE4MDAwMDAwMDAwMH19",
          "dependencies": [
            "yandex_vpc_gateway.nat_gateway",
            "yandex_vpc_network.internal-bastion-network",
            "yandex_vpc_route_table.rt"
          ]
        }
      ]
    },
    {
      "mode": "managed",
      "type": "yandex_vpc_subnet",
      "name": "bastion-internal-segment-b",
      "provider": "provider[\"registry.terraform.io/yandex-cloud/yandex\"]",
      "instances": [
        {
          "schema_version": 0,
          "attributes": {
            "created_at": "2024-04-23T20:41:59Z",
            "description": "",
            "dhcp_options": [],
            "folder_id": "b1gfcg9sv09pksgqrav5",
            "id": "e2lhhog21dd1hup3rmln",
            "labels": {},
            "name": "bastion-internal-segment-b",
            "network_id": "enplok7uu60vr9vqnbrk",
            "route_table_id": "enp71f09nfeunl107fo5",
            "timeouts": null,
            "v4_cidr_blocks": [
              "172.16.16.0/24"
            ],
            "v6_cidr_blocks": [],
            "zone": "ru-central1-b"
          },
          "sensitive_attributes": [],
          "private": "eyJlMmJmYjczMC1lY2FhLTExZTYtOGY4OC0zNDM2M2JjN2M0YzAiOnsiY3JlYXRlIjoxODAwMDAwMDAwMDAsImRlbGV0ZSI6MTgwMDAwMDAwMDAwLCJ1cGRhdGUiOjE4MDAwMDAwMDAwMH19",
          "dependencies": [
            "yandex_vpc_gateway.nat_gateway",
            "yandex_vpc_network.internal-bastion-network",
            "yandex_vpc_route_table.rt"
          ]
        }
      ]
    },
    {
      "mode": "managed",
      "type": "yandex_vpc_subnet",
      "name": "bastion-internal-segment-c",
      "provider": "provider[\"registry.terraform.io/yandex-cloud/yandex\"]",
      "instances": [
        {
          "schema_version": 0,
          "attributes": {
            "created_at": "2024-04-23T20:41:55Z",
            "description": "",
            "dhcp_options": [],
            "folder_id": "b1gfcg9sv09pksgqrav5",
            "id": "e2liuncs3sdj0ha96e9t",
            "labels": {},
            "name": "bastion-internal-segment-c",
            "network_id": "enplok7uu60vr9vqnbrk",
            "route_table_id": "",
            "timeouts": null,
            "v4_cidr_blocks": [
              "172.16.17.0/24"
            ],
            "v6_cidr_blocks": [],
            "zone": "ru-central1-b"
          },
          "sensitive_attributes": [],
          "private": "eyJlMmJmYjczMC1lY2FhLTExZTYtOGY4OC0zNDM2M2JjN2M0YzAiOnsiY3JlYXRlIjoxODAwMDAwMDAwMDAsImRlbGV0ZSI6MTgwMDAwMDAwMDAwLCJ1cGRhdGUiOjE4MDAwMDAwMDAwMH19",
          "dependencies": [
            "yandex_vpc_network.internal-bastion-network"
          ]
        }
      ]
    }
  ],
  "check_results": null
}
