{
  "version": 4,
  "terraform_version": "1.7.0",
  "serial": 2743,
  "lineage": "5ba3e8bb-92b2-7701-3a78-66c5d177cb82",
  "outputs": {
    "bastion_external_ip": {
      "value": "158.160.59.166",
      "type": "string"
    },
    "elastics_fqdn": {
      "value": "vm-elastics.ru-central1.internal",
      "type": "string"
    },
    "kibana_external_ip": {
      "value": "158.160.150.208",
      "type": "string"
    },
    "kibana_fqdn": {
      "value": "vm-kibana.ru-central1.internal",
      "type": "string"
    },
    "web-a_fqdn": {
      "value": "vm-web-a.ru-central1.internal",
      "type": "string"
    },
    "web-b_fqdn": {
      "value": "vm-web-b.ru-central1.internal",
      "type": "string"
    },
    "web-site_ip": {
      "value": "158.160.166.244",
      "type": "string"
    },
    "zabbix_external_ip": {
      "value": "158.160.133.85",
      "type": "string"
    },
    "zabbix_fqdn": {
      "value": "vm-zabbix.ru-central1.internal",
      "type": "string"
    }
  },
  "resources": [
    {
      "mode": "managed",
      "type": "null_resource",
      "name": "save_external_ip_to_file",
      "provider": "provider[\"registry.terraform.io/hashicorp/null\"]",
      "instances": [
        {
          "schema_version": 0,
          "attributes": {
            "id": "5207597289311989024",
            "triggers": null
          },
          "sensitive_attributes": [],
          "dependencies": [
            "yandex_compute_instance.bastion-host",
            "yandex_vpc_gateway.nat_gateway",
            "yandex_vpc_network.internal-bastion-network",
            "yandex_vpc_route_table.rt",
            "yandex_vpc_security_group.internal-bastion-sg",
            "yandex_vpc_security_group.secure-bastion-sg",
            "yandex_vpc_subnet.bastion-internal-segment-a"
          ]
        }
      ]
    },
    {
      "mode": "managed",
      "type": "null_resource",
      "name": "save_external_ip_to_file_and_fqdn",
      "provider": "provider[\"registry.terraform.io/hashicorp/null\"]",
      "instances": [
        {
          "schema_version": 0,
          "attributes": {
            "id": "9131726167489555965",
            "triggers": null
          },
          "sensitive_attributes": [],
          "dependencies": [
            "yandex_compute_instance.vm-zabbix",
            "yandex_vpc_network.internal-bastion-network",
            "yandex_vpc_security_group.internal-bastion-sg",
            "yandex_vpc_subnet.bastion-internal-segment-c"
          ]
        }
      ]
    },
    {
      "mode": "managed",
      "type": "null_resource",
      "name": "save_external_ip_to_file_kibana",
      "provider": "provider[\"registry.terraform.io/hashicorp/null\"]",
      "instances": [
        {
          "schema_version": 0,
          "attributes": {
            "id": "3232491543996138256",
            "triggers": null
          },
          "sensitive_attributes": [],
          "dependencies": [
            "yandex_compute_instance.vm-kibana",
            "yandex_vpc_network.internal-bastion-network",
            "yandex_vpc_security_group.internal-bastion-sg",
            "yandex_vpc_subnet.bastion-internal-segment-c"
          ]
        }
      ]
    },
    {
      "mode": "managed",
      "type": "null_resource",
      "name": "save_fqdn_to_file_elastics",
      "provider": "provider[\"registry.terraform.io/hashicorp/null\"]",
      "instances": [
        {
          "schema_version": 0,
          "attributes": {
            "id": "1263634738327366032",
            "triggers": null
          },
          "sensitive_attributes": [],
          "dependencies": [
            "yandex_compute_instance.vm-elastics",
            "yandex_vpc_gateway.nat_gateway",
            "yandex_vpc_network.internal-bastion-network",
            "yandex_vpc_route_table.rt",
            "yandex_vpc_security_group.internal-bastion-sg",
            "yandex_vpc_subnet.bastion-internal-segment-b"
          ]
        }
      ]
    },
    {
      "mode": "managed",
      "type": "null_resource",
      "name": "save_fqdn_to_file_web-a",
      "provider": "provider[\"registry.terraform.io/hashicorp/null\"]",
      "instances": [
        {
          "schema_version": 0,
          "attributes": {
            "id": "5510724400672273347",
            "triggers": null
          },
          "sensitive_attributes": [],
          "dependencies": [
            "yandex_compute_instance.vm-web-a",
            "yandex_vpc_gateway.nat_gateway",
            "yandex_vpc_network.internal-bastion-network",
            "yandex_vpc_route_table.rt",
            "yandex_vpc_security_group.internal-bastion-sg",
            "yandex_vpc_subnet.bastion-internal-segment-a"
          ]
        }
      ]
    },
    {
      "mode": "managed",
      "type": "null_resource",
      "name": "save_fqdn_to_file_web-b",
      "provider": "provider[\"registry.terraform.io/hashicorp/null\"]",
      "instances": [
        {
          "schema_version": 0,
          "attributes": {
            "id": "267668990154638402",
            "triggers": null
          },
          "sensitive_attributes": [],
          "dependencies": [
            "yandex_compute_instance.vm-web-b",
            "yandex_vpc_gateway.nat_gateway",
            "yandex_vpc_network.internal-bastion-network",
            "yandex_vpc_route_table.rt",
            "yandex_vpc_security_group.internal-bastion-sg",
            "yandex_vpc_subnet.bastion-internal-segment-b"
          ]
        }
      ]
    },
    {
      "mode": "managed",
      "type": "null_resource",
      "name": "save_ip_to_file_elastic",
      "provider": "provider[\"registry.terraform.io/hashicorp/null\"]",
      "instances": [
        {
          "schema_version": 0,
          "attributes": {
            "id": "1963328255210325900",
            "triggers": null
          },
          "sensitive_attributes": [],
          "dependencies": [
            "yandex_alb_http_router.htr2",
            "yandex_alb_load_balancer.test-balancer",
            "yandex_vpc_network.internal-bastion-network",
            "yandex_vpc_security_group.internal-bastion-sg",
            "yandex_vpc_subnet.bastion-internal-segment-c"
          ]
        }
      ]
    },
    {
      "mode": "managed",
      "type": "yandex_alb_backend_group",
      "name": "backend_group",
      "provider": "provider[\"registry.terraform.io/yandex-cloud/yandex\"]",
      "instances": [
        {
          "schema_version": 0,
          "attributes": {
            "created_at": "2024-05-12T18:09:50Z",
            "description": "",
            "folder_id": "b1gglr7jgq075fs1mcqp",
            "grpc_backend": [],
            "http_backend": [
              {
                "healthcheck": [
                  {
                    "grpc_healthcheck": [],
                    "healthcheck_port": 0,
                    "healthy_threshold": 10,
                    "http_healthcheck": [
                      {
                        "host": "",
                        "http2": false,
                        "path": "/"
                      }
                    ],
                    "interval": "2s",
                    "interval_jitter_percent": 0,
                    "stream_healthcheck": [],
                    "timeout": "10s",
                    "unhealthy_threshold": 15
                  }
                ],
                "http2": false,
                "load_balancing_config": [
                  {
                    "locality_aware_routing_percent": 0,
                    "mode": "ROUND_ROBIN",
                    "panic_threshold": 90,
                    "strict_locality": false
                  }
                ],
                "name": "bkg-test",
                "port": 80,
                "storage_bucket": "",
                "target_group_ids": [
                  "ds7sjnk2kkb65gt47lg9"
                ],
                "tls": [],
                "weight": 1
              }
            ],
            "id": "ds7t99bvuf0n3koos649",
            "labels": {},
            "name": "",
            "session_affinity": [],
            "stream_backend": [],
            "timeouts": null
          },
          "sensitive_attributes": [],
          "private": "eyJlMmJmYjczMC1lY2FhLTExZTYtOGY4OC0zNDM2M2JjN2M0YzAiOnsiY3JlYXRlIjozMDAwMDAwMDAwMDAsImRlbGV0ZSI6MzAwMDAwMDAwMDAwLCJ1cGRhdGUiOjMwMDAwMDAwMDAwMH19",
          "dependencies": [
            "yandex_alb_target_group.tgs",
            "yandex_compute_instance.vm-web-a",
            "yandex_compute_instance.vm-web-b",
            "yandex_vpc_gateway.nat_gateway",
            "yandex_vpc_network.internal-bastion-network",
            "yandex_vpc_route_table.rt",
            "yandex_vpc_security_group.internal-bastion-sg",
            "yandex_vpc_subnet.bastion-internal-segment-a",
            "yandex_vpc_subnet.bastion-internal-segment-b"
          ]
        }
      ]
    },
    {
      "mode": "managed",
      "type": "yandex_alb_http_router",
      "name": "htr2",
      "provider": "provider[\"registry.terraform.io/yandex-cloud/yandex\"]",
      "instances": [
        {
          "schema_version": 0,
          "attributes": {
            "created_at": "2024-05-12T18:09:08Z",
            "description": "",
            "folder_id": "b1gglr7jgq075fs1mcqp",
            "id": "ds76l9rinbisfdv2cott",
            "labels": {
              "empty-label": "",
              "tf-label": "tf-label-value"
            },
            "name": "htr2",
            "route_options": [],
            "timeouts": null
          },
          "sensitive_attributes": [],
          "private": "eyJlMmJmYjczMC1lY2FhLTExZTYtOGY4OC0zNDM2M2JjN2M0YzAiOnsiY3JlYXRlIjozMDAwMDAwMDAwMDAsImRlbGV0ZSI6MzAwMDAwMDAwMDAwLCJ1cGRhdGUiOjMwMDAwMDAwMDAwMH19"
        }
      ]
    },
    {
      "mode": "managed",
      "type": "yandex_alb_load_balancer",
      "name": "test-balancer",
      "provider": "provider[\"registry.terraform.io/yandex-cloud/yandex\"]",
      "instances": [
        {
          "schema_version": 0,
          "attributes": {
            "allocation_policy": [
              {
                "location": [
                  {
                    "disable_traffic": false,
                    "subnet_id": "fl8dl8gnfkdhgg6v6to1",
                    "zone_id": "ru-central1-d"
                  }
                ]
              }
            ],
            "created_at": "2024-05-12T18:09:14Z",
            "description": "",
            "folder_id": "b1gglr7jgq075fs1mcqp",
            "id": "ds7d89m9fa0hb4ndrkpj",
            "labels": {},
            "listener": [
              {
                "endpoint": [
                  {
                    "address": [
                      {
                        "external_ipv4_address": [
                          {
                            "address": "158.160.166.244"
                          }
                        ],
                        "external_ipv6_address": [],
                        "internal_ipv4_address": []
                      }
                    ],
                    "ports": [
                      80
                    ]
                  }
                ],
                "http": [
                  {
                    "handler": [
                      {
                        "allow_http10": false,
                        "http2_options": [],
                        "http_router_id": "ds76l9rinbisfdv2cott",
                        "rewrite_request_id": false
                      }
                    ],
                    "redirects": []
                  }
                ],
                "name": "listener-test",
                "stream": [],
                "tls": []
              }
            ],
            "log_group_id": "",
            "log_options": [],
            "name": "test-balancer",
            "network_id": "enpp4f2mhvmhtibutbop",
            "region_id": "",
            "security_group_ids": [
              "enp5434ees1j8d9k1n0a"
            ],
            "status": "active",
            "timeouts": null
          },
          "sensitive_attributes": [],
          "private": "eyJlMmJmYjczMC1lY2FhLTExZTYtOGY4OC0zNDM2M2JjN2M0YzAiOnsiY3JlYXRlIjo2MDAwMDAwMDAwMDAsImRlbGV0ZSI6NjAwMDAwMDAwMDAwLCJ1cGRhdGUiOjYwMDAwMDAwMDAwMH19",
          "dependencies": [
            "yandex_alb_http_router.htr2",
            "yandex_vpc_network.internal-bastion-network",
            "yandex_vpc_security_group.internal-bastion-sg",
            "yandex_vpc_subnet.bastion-internal-segment-c"
          ]
        }
      ]
    },
    {
      "mode": "managed",
      "type": "yandex_alb_target_group",
      "name": "tgs",
      "provider": "provider[\"registry.terraform.io/yandex-cloud/yandex\"]",
      "instances": [
        {
          "schema_version": 0,
          "attributes": {
            "created_at": "2024-05-12T18:09:49Z",
            "description": "",
            "folder_id": "b1gglr7jgq075fs1mcqp",
            "id": "ds7sjnk2kkb65gt47lg9",
            "labels": {},
            "name": "tgs",
            "target": [
              {
                "ip_address": "172.16.16.5",
                "private_ipv4_address": false,
                "subnet_id": "e2l0fn2b8dccq7ikvd0f"
              },
              {
                "ip_address": "172.16.15.22",
                "private_ipv4_address": false,
                "subnet_id": "e9b910p5nm0lo5mc0vps"
              }
            ],
            "timeouts": null
          },
          "sensitive_attributes": [],
          "private": "eyJlMmJmYjczMC1lY2FhLTExZTYtOGY4OC0zNDM2M2JjN2M0YzAiOnsiY3JlYXRlIjozMDAwMDAwMDAwMDAsImRlbGV0ZSI6MzAwMDAwMDAwMDAwLCJ1cGRhdGUiOjMwMDAwMDAwMDAwMH19",
          "dependencies": [
            "yandex_compute_instance.vm-web-a",
            "yandex_compute_instance.vm-web-b",
            "yandex_vpc_gateway.nat_gateway",
            "yandex_vpc_network.internal-bastion-network",
            "yandex_vpc_route_table.rt",
            "yandex_vpc_security_group.internal-bastion-sg",
            "yandex_vpc_subnet.bastion-internal-segment-a",
            "yandex_vpc_subnet.bastion-internal-segment-b"
          ]
        }
      ]
    },
    {
      "mode": "managed",
      "type": "yandex_alb_virtual_host",
      "name": "my-vh",
      "provider": "provider[\"registry.terraform.io/yandex-cloud/yandex\"]",
      "instances": [
        {
          "schema_version": 0,
          "attributes": {
            "authority": [],
            "http_router_id": "ds76l9rinbisfdv2cott",
            "id": "ds76l9rinbisfdv2cott/my-vh",
            "modify_request_headers": [],
            "modify_response_headers": [],
            "name": "my-vh",
            "route": [
              {
                "grpc_route": [],
                "http_route": [
                  {
                    "direct_response_action": [],
                    "http_match": [],
                    "http_route_action": [
                      {
                        "auto_host_rewrite": false,
                        "backend_group_id": "ds7t99bvuf0n3koos649",
                        "host_rewrite": "",
                        "idle_timeout": "",
                        "prefix_rewrite": "",
                        "timeout": "1m0s",
                        "upgrade_types": []
                      }
                    ],
                    "redirect_action": []
                  }
                ],
                "name": "route-to-hell",
                "route_options": []
              }
            ],
            "route_options": [],
            "timeouts": null
          },
          "sensitive_attributes": [],
          "private": "eyJlMmJmYjczMC1lY2FhLTExZTYtOGY4OC0zNDM2M2JjN2M0YzAiOnsiY3JlYXRlIjozMDAwMDAwMDAwMDAsImRlbGV0ZSI6MzAwMDAwMDAwMDAwLCJ1cGRhdGUiOjMwMDAwMDAwMDAwMH19",
          "dependencies": [
            "yandex_alb_backend_group.backend_group",
            "yandex_alb_http_router.htr2",
            "yandex_alb_target_group.tgs",
            "yandex_compute_instance.vm-web-a",
            "yandex_compute_instance.vm-web-b",
            "yandex_vpc_gateway.nat_gateway",
            "yandex_vpc_network.internal-bastion-network",
            "yandex_vpc_route_table.rt",
            "yandex_vpc_security_group.internal-bastion-sg",
            "yandex_vpc_subnet.bastion-internal-segment-a",
            "yandex_vpc_subnet.bastion-internal-segment-b"
          ]
        }
      ]
    },
    {
      "mode": "managed",
      "type": "yandex_compute_instance",
      "name": "bastion-host",
      "provider": "provider[\"registry.terraform.io/yandex-cloud/yandex\"]",
      "instances": [
        {
          "schema_version": 1,
          "attributes": {
            "allow_recreate": null,
            "allow_stopping_for_update": null,
            "boot_disk": [
              {
                "auto_delete": true,
                "device_name": "fhmk1e7enl3ohn4l613r",
                "disk_id": "fhmk1e7enl3ohn4l613r",
                "initialize_params": [
                  {
                    "block_size": 4096,
                    "description": "",
                    "image_id": "fd8enutfdqqdnpc8t8mm",
                    "name": "",
                    "size": 10,
                    "snapshot_id": "",
                    "type": "network-hdd"
                  }
                ],
                "mode": "READ_WRITE"
              }
            ],
            "created_at": "2024-05-12T18:09:16Z",
            "description": "",
            "filesystem": [],
            "folder_id": "b1gglr7jgq075fs1mcqp",
            "fqdn": "bastion-host.ru-central1.internal",
            "gpu_cluster_id": "",
            "hostname": "bastion-host",
            "id": "fhmu3aukipeutv4qol30",
            "labels": {},
            "local_disk": [],
            "maintenance_grace_period": "",
            "maintenance_policy": null,
            "metadata": {
              "user-data": "#cloud-config\ndatasource:\n  Ec2:\n    strict_id: false\nssh_pwauth: no\nusers:\n - name: ermac\n   groups: sudo\n   shell: /bin/bash\n   sudo: 'ALL=(ALL) NOPASSWD:ALL'\n   ssh-authorized-keys:\n     - ssh-rsa AAAAB3NzaC1yc2EAAAADAQABAAABgQCyX6zUYAskV/bduIGwvXow/zZuZCcwcenVQXDqWcPP09fSa/ZIUDThiDFCSNDBWsVttuPujidvl3jL26zJqFmZfp8WX7VjZoadZ0wixzwGgUDgRKhh6GbsnrUEZiEUy3rDVU+gx/rZp2EaAyN9wIAu9uegae92RkZb+4VuI3JZ1L4mjofUWanOacosG8eVqSEEdzmK3mrxvSfM85GTK58pQlNHRphXvhBWBsnDnQ5botloFlVLSPP6cbSE+OwxwQRJtOdb79nK4XgYOb/AoMQBEu0wfPEBVUe35fXB78wUDhJPPznuRFlkB8bNBwdye7NY7QCI+xgrhRaDxfwNOieAw55h0GsbJoZLkKf82dg+vQMWoYG9+j0Gp3dgLHezA6c75eH6wWw8EuijgplYkutWcpeJ9iq5kufJvJX7RIMC2g1stbBm3M72fc0fno3F7kwdgENDc+P6zbA3w74hzjYPe18sRMa7URdmo4WkBoffzarKBffEYQVtQAMIKUN8Aak= ermac@ubuntu-server\nruncmd: []"
            },
            "metadata_options": [
              {
                "aws_v1_http_endpoint": 1,
                "aws_v1_http_token": 2,
                "gce_http_endpoint": 1,
                "gce_http_token": 1
              }
            ],
            "name": "bastion-host",
            "network_acceleration_type": "standard",
            "network_interface": [
              {
                "dns_record": [],
                "index": 0,
                "ip_address": "172.16.15.254",
                "ipv4": true,
                "ipv6": false,
                "ipv6_address": "",
                "ipv6_dns_record": [],
                "mac_address": "d0:0d:1e:1a:bd:49",
                "nat": true,
                "nat_dns_record": [],
                "nat_ip_address": "158.160.59.166",
                "nat_ip_version": "IPV4",
                "security_group_ids": [
                  "enp2m3r823krdkjjpjvu",
                  "enp5434ees1j8d9k1n0a"
                ],
                "subnet_id": "e9b910p5nm0lo5mc0vps"
              }
            ],
            "placement_policy": [
              {
                "host_affinity_rules": [],
                "placement_group_id": "",
                "placement_group_partition": 0
              }
            ],
            "platform_id": "standard-v2",
            "resources": [
              {
                "core_fraction": 20,
                "cores": 2,
                "gpus": 0,
                "memory": 1
              }
            ],
            "scheduling_policy": [
              {
                "preemptible": true
              }
            ],
            "secondary_disk": [],
            "service_account_id": "",
            "status": "running",
            "timeouts": null,
            "zone": "ru-central1-a"
          },
          "sensitive_attributes": [],
          "private": "eyJlMmJmYjczMC1lY2FhLTExZTYtOGY4OC0zNDM2M2JjN2M0YzAiOnsiY3JlYXRlIjozMDAwMDAwMDAwMDAsImRlbGV0ZSI6MzAwMDAwMDAwMDAwLCJ1cGRhdGUiOjMwMDAwMDAwMDAwMH0sInNjaGVtYV92ZXJzaW9uIjoiMSJ9",
          "dependencies": [
            "yandex_vpc_gateway.nat_gateway",
            "yandex_vpc_network.internal-bastion-network",
            "yandex_vpc_route_table.rt",
            "yandex_vpc_security_group.internal-bastion-sg",
            "yandex_vpc_security_group.secure-bastion-sg",
            "yandex_vpc_subnet.bastion-internal-segment-a"
          ],
          "create_before_destroy": true
        }
      ]
    },
    {
      "mode": "managed",
      "type": "yandex_compute_instance",
      "name": "vm-elastics",
      "provider": "provider[\"registry.terraform.io/yandex-cloud/yandex\"]",
      "instances": [
        {
          "schema_version": 1,
          "attributes": {
            "allow_recreate": null,
            "allow_stopping_for_update": null,
            "boot_disk": [
              {
                "auto_delete": true,
                "device_name": "epdbn784ef5osi46g5jq",
                "disk_id": "epdbn784ef5osi46g5jq",
                "initialize_params": [
                  {
                    "block_size": 4096,
                    "description": "",
                    "image_id": "fd82vchjp2kdjiuam29k",
                    "name": "",
                    "size": 10,
                    "snapshot_id": "",
                    "type": "network-hdd"
                  }
                ],
                "mode": "READ_WRITE"
              }
            ],
            "created_at": "2024-05-12T20:35:19Z",
            "description": "",
            "filesystem": [],
            "folder_id": "b1gglr7jgq075fs1mcqp",
            "fqdn": "vm-elastics.ru-central1.internal",
            "gpu_cluster_id": "",
            "hostname": "vm-elastics",
            "id": "epdoe6jioershvuqjh4k",
            "labels": null,
            "local_disk": [],
            "maintenance_grace_period": "",
            "maintenance_policy": null,
            "metadata": {
              "user-data": "#cloud-config\ndatasource:\n  Ec2:\n    strict_id: false\nssh_pwauth: no\nusers:\n - name: ermac\n   groups: sudo\n   shell: /bin/bash\n   sudo: 'ALL=(ALL) NOPASSWD:ALL'\n   ssh-authorized-keys:\n     - ssh-rsa AAAAB3NzaC1yc2EAAAADAQABAAABgQCyX6zUYAskV/bduIGwvXow/zZuZCcwcenVQXDqWcPP09fSa/ZIUDThiDFCSNDBWsVttuPujidvl3jL26zJqFmZfp8WX7VjZoadZ0wixzwGgUDgRKhh6GbsnrUEZiEUy3rDVU+gx/rZp2EaAyN9wIAu9uegae92RkZb+4VuI3JZ1L4mjofUWanOacosG8eVqSEEdzmK3mrxvSfM85GTK58pQlNHRphXvhBWBsnDnQ5botloFlVLSPP6cbSE+OwxwQRJtOdb79nK4XgYOb/AoMQBEu0wfPEBVUe35fXB78wUDhJPPznuRFlkB8bNBwdye7NY7QCI+xgrhRaDxfwNOieAw55h0GsbJoZLkKf82dg+vQMWoYG9+j0Gp3dgLHezA6c75eH6wWw8EuijgplYkutWcpeJ9iq5kufJvJX7RIMC2g1stbBm3M72fc0fno3F7kwdgENDc+P6zbA3w74hzjYPe18sRMa7URdmo4WkBoffzarKBffEYQVtQAMIKUN8Aak= ermac@ubuntu-server\nruncmd: []"
            },
            "metadata_options": [
              {
                "aws_v1_http_endpoint": 1,
                "aws_v1_http_token": 2,
                "gce_http_endpoint": 1,
                "gce_http_token": 1
              }
            ],
            "name": "vm-elastics",
            "network_acceleration_type": "standard",
            "network_interface": [
              {
                "dns_record": [],
                "index": 0,
                "ip_address": "172.16.16.12",
                "ipv4": true,
                "ipv6": false,
                "ipv6_address": "",
                "ipv6_dns_record": [],
                "mac_address": "d0:0d:18:71:a7:2c",
                "nat": false,
                "nat_dns_record": [],
                "nat_ip_address": "",
                "nat_ip_version": "",
                "security_group_ids": [
                  "enp5434ees1j8d9k1n0a"
                ],
                "subnet_id": "e2l0fn2b8dccq7ikvd0f"
              }
            ],
            "placement_policy": [
              {
                "host_affinity_rules": [],
                "placement_group_id": "",
                "placement_group_partition": 0
              }
            ],
            "platform_id": "standard-v2",
            "resources": [
              {
                "core_fraction": 20,
                "cores": 4,
                "gpus": 0,
                "memory": 8
              }
            ],
            "scheduling_policy": [
              {
                "preemptible": true
              }
            ],
            "secondary_disk": [],
            "service_account_id": "",
            "status": "running",
            "timeouts": null,
            "zone": "ru-central1-b"
          },
          "sensitive_attributes": [],
          "private": "eyJlMmJmYjczMC1lY2FhLTExZTYtOGY4OC0zNDM2M2JjN2M0YzAiOnsiY3JlYXRlIjozMDAwMDAwMDAwMDAsImRlbGV0ZSI6MzAwMDAwMDAwMDAwLCJ1cGRhdGUiOjMwMDAwMDAwMDAwMH0sInNjaGVtYV92ZXJzaW9uIjoiMSJ9",
          "dependencies": [
            "yandex_vpc_gateway.nat_gateway",
            "yandex_vpc_network.internal-bastion-network",
            "yandex_vpc_route_table.rt",
            "yandex_vpc_security_group.internal-bastion-sg",
            "yandex_vpc_subnet.bastion-internal-segment-b"
          ],
          "create_before_destroy": true
        }
      ]
    },
    {
      "mode": "managed",
      "type": "yandex_compute_instance",
      "name": "vm-kibana",
      "provider": "provider[\"registry.terraform.io/yandex-cloud/yandex\"]",
      "instances": [
        {
          "schema_version": 1,
          "attributes": {
            "allow_recreate": null,
            "allow_stopping_for_update": null,
            "boot_disk": [
              {
                "auto_delete": true,
                "device_name": "fv45a3k0k7u76niuo1ft",
                "disk_id": "fv45a3k0k7u76niuo1ft",
                "initialize_params": [
                  {
                    "block_size": 4096,
                    "description": "",
                    "image_id": "fd82vchjp2kdjiuam29k",
                    "name": "",
                    "size": 10,
                    "snapshot_id": "",
                    "type": "network-hdd"
                  }
                ],
                "mode": "READ_WRITE"
              }
            ],
            "created_at": "2024-05-12T18:09:14Z",
            "description": "",
            "filesystem": [],
            "folder_id": "b1gglr7jgq075fs1mcqp",
            "fqdn": "vm-kibana.ru-central1.internal",
            "gpu_cluster_id": "",
            "hostname": "vm-kibana",
            "id": "fv4ho5m17lrn350su496",
            "labels": {},
            "local_disk": [],
            "maintenance_grace_period": "",
            "maintenance_policy": null,
            "metadata": {
              "user-data": "#cloud-config\ndatasource:\n  Ec2:\n    strict_id: false\nssh_pwauth: no\nusers:\n - name: ermac\n   groups: sudo\n   shell: /bin/bash\n   sudo: 'ALL=(ALL) NOPASSWD:ALL'\n   ssh-authorized-keys:\n     - ssh-rsa AAAAB3NzaC1yc2EAAAADAQABAAABgQCyX6zUYAskV/bduIGwvXow/zZuZCcwcenVQXDqWcPP09fSa/ZIUDThiDFCSNDBWsVttuPujidvl3jL26zJqFmZfp8WX7VjZoadZ0wixzwGgUDgRKhh6GbsnrUEZiEUy3rDVU+gx/rZp2EaAyN9wIAu9uegae92RkZb+4VuI3JZ1L4mjofUWanOacosG8eVqSEEdzmK3mrxvSfM85GTK58pQlNHRphXvhBWBsnDnQ5botloFlVLSPP6cbSE+OwxwQRJtOdb79nK4XgYOb/AoMQBEu0wfPEBVUe35fXB78wUDhJPPznuRFlkB8bNBwdye7NY7QCI+xgrhRaDxfwNOieAw55h0GsbJoZLkKf82dg+vQMWoYG9+j0Gp3dgLHezA6c75eH6wWw8EuijgplYkutWcpeJ9iq5kufJvJX7RIMC2g1stbBm3M72fc0fno3F7kwdgENDc+P6zbA3w74hzjYPe18sRMa7URdmo4WkBoffzarKBffEYQVtQAMIKUN8Aak= ermac@ubuntu-server\nruncmd: []"
            },
            "metadata_options": [
              {
                "aws_v1_http_endpoint": 1,
                "aws_v1_http_token": 2,
                "gce_http_endpoint": 1,
                "gce_http_token": 1
              }
            ],
            "name": "vm-kibana",
            "network_acceleration_type": "standard",
            "network_interface": [
              {
                "dns_record": [],
                "index": 0,
                "ip_address": "172.16.17.26",
                "ipv4": true,
                "ipv6": false,
                "ipv6_address": "",
                "ipv6_dns_record": [],
                "mac_address": "d0:0d:11:c1:6c:13",
                "nat": true,
                "nat_dns_record": [],
                "nat_ip_address": "158.160.150.208",
                "nat_ip_version": "IPV4",
                "security_group_ids": [
                  "enp5434ees1j8d9k1n0a"
                ],
                "subnet_id": "fl8dl8gnfkdhgg6v6to1"
              }
            ],
            "placement_policy": [
              {
                "host_affinity_rules": [],
                "placement_group_id": "",
                "placement_group_partition": 0
              }
            ],
            "platform_id": "standard-v2",
            "resources": [
              {
                "core_fraction": 20,
                "cores": 4,
                "gpus": 0,
                "memory": 8
              }
            ],
            "scheduling_policy": [
              {
                "preemptible": true
              }
            ],
            "secondary_disk": [],
            "service_account_id": "",
            "status": "running",
            "timeouts": null,
            "zone": "ru-central1-d"
          },
          "sensitive_attributes": [],
          "private": "eyJlMmJmYjczMC1lY2FhLTExZTYtOGY4OC0zNDM2M2JjN2M0YzAiOnsiY3JlYXRlIjozMDAwMDAwMDAwMDAsImRlbGV0ZSI6MzAwMDAwMDAwMDAwLCJ1cGRhdGUiOjMwMDAwMDAwMDAwMH0sInNjaGVtYV92ZXJzaW9uIjoiMSJ9",
          "dependencies": [
            "yandex_vpc_network.internal-bastion-network",
            "yandex_vpc_security_group.internal-bastion-sg",
            "yandex_vpc_subnet.bastion-internal-segment-c"
          ],
          "create_before_destroy": true
        }
      ]
    },
    {
      "mode": "managed",
      "type": "yandex_compute_instance",
      "name": "vm-web-a",
      "provider": "provider[\"registry.terraform.io/yandex-cloud/yandex\"]",
      "instances": [
        {
          "schema_version": 1,
          "attributes": {
            "allow_recreate": null,
            "allow_stopping_for_update": null,
            "boot_disk": [
              {
                "auto_delete": true,
                "device_name": "fhmkhu72fio839vqjql3",
                "disk_id": "fhmkhu72fio839vqjql3",
                "initialize_params": [
                  {
                    "block_size": 4096,
                    "description": "",
                    "image_id": "fd82vchjp2kdjiuam29k",
                    "name": "",
                    "size": 10,
                    "snapshot_id": "",
                    "type": "network-hdd"
                  }
                ],
                "mode": "READ_WRITE"
              }
            ],
            "created_at": "2024-05-12T18:09:15Z",
            "description": "",
            "filesystem": [],
            "folder_id": "b1gglr7jgq075fs1mcqp",
            "fqdn": "vm-web-a.ru-central1.internal",
            "gpu_cluster_id": "",
            "hostname": "vm-web-a",
            "id": "fhmoasih5djubkeetdg2",
            "labels": {},
            "local_disk": [],
            "maintenance_grace_period": "",
            "maintenance_policy": null,
            "metadata": {
              "user-data": "#cloud-config\ndatasource:\n  Ec2:\n    strict_id: false\nssh_pwauth: no\nusers:\n - name: ermac\n   groups: sudo\n   shell: /bin/bash\n   sudo: 'ALL=(ALL) NOPASSWD:ALL'\n   ssh-authorized-keys:\n     - ssh-rsa AAAAB3NzaC1yc2EAAAADAQABAAABgQCyX6zUYAskV/bduIGwvXow/zZuZCcwcenVQXDqWcPP09fSa/ZIUDThiDFCSNDBWsVttuPujidvl3jL26zJqFmZfp8WX7VjZoadZ0wixzwGgUDgRKhh6GbsnrUEZiEUy3rDVU+gx/rZp2EaAyN9wIAu9uegae92RkZb+4VuI3JZ1L4mjofUWanOacosG8eVqSEEdzmK3mrxvSfM85GTK58pQlNHRphXvhBWBsnDnQ5botloFlVLSPP6cbSE+OwxwQRJtOdb79nK4XgYOb/AoMQBEu0wfPEBVUe35fXB78wUDhJPPznuRFlkB8bNBwdye7NY7QCI+xgrhRaDxfwNOieAw55h0GsbJoZLkKf82dg+vQMWoYG9+j0Gp3dgLHezA6c75eH6wWw8EuijgplYkutWcpeJ9iq5kufJvJX7RIMC2g1stbBm3M72fc0fno3F7kwdgENDc+P6zbA3w74hzjYPe18sRMa7URdmo4WkBoffzarKBffEYQVtQAMIKUN8Aak= ermac@ubuntu-server\nruncmd: []"
            },
            "metadata_options": [
              {
                "aws_v1_http_endpoint": 1,
                "aws_v1_http_token": 2,
                "gce_http_endpoint": 1,
                "gce_http_token": 1
              }
            ],
            "name": "vm-web-a",
            "network_acceleration_type": "standard",
            "network_interface": [
              {
                "dns_record": [],
                "index": 0,
                "ip_address": "172.16.15.22",
                "ipv4": true,
                "ipv6": false,
                "ipv6_address": "",
                "ipv6_dns_record": [],
                "mac_address": "d0:0d:18:57:25:12",
                "nat": false,
                "nat_dns_record": [],
                "nat_ip_address": "",
                "nat_ip_version": "",
                "security_group_ids": [
                  "enp5434ees1j8d9k1n0a"
                ],
                "subnet_id": "e9b910p5nm0lo5mc0vps"
              }
            ],
            "placement_policy": [
              {
                "host_affinity_rules": [],
                "placement_group_id": "",
                "placement_group_partition": 0
              }
            ],
            "platform_id": "standard-v2",
            "resources": [
              {
                "core_fraction": 20,
                "cores": 2,
                "gpus": 0,
                "memory": 1
              }
            ],
            "scheduling_policy": [
              {
                "preemptible": true
              }
            ],
            "secondary_disk": [],
            "service_account_id": "",
            "status": "running",
            "timeouts": null,
            "zone": "ru-central1-a"
          },
          "sensitive_attributes": [],
          "private": "eyJlMmJmYjczMC1lY2FhLTExZTYtOGY4OC0zNDM2M2JjN2M0YzAiOnsiY3JlYXRlIjozMDAwMDAwMDAwMDAsImRlbGV0ZSI6MzAwMDAwMDAwMDAwLCJ1cGRhdGUiOjMwMDAwMDAwMDAwMH0sInNjaGVtYV92ZXJzaW9uIjoiMSJ9",
          "dependencies": [
            "yandex_vpc_gateway.nat_gateway",
            "yandex_vpc_network.internal-bastion-network",
            "yandex_vpc_route_table.rt",
            "yandex_vpc_security_group.internal-bastion-sg",
            "yandex_vpc_subnet.bastion-internal-segment-a"
          ],
          "create_before_destroy": true
        }
      ]
    },
    {
      "mode": "managed",
      "type": "yandex_compute_instance",
      "name": "vm-web-b",
      "provider": "provider[\"registry.terraform.io/yandex-cloud/yandex\"]",
      "instances": [
        {
          "schema_version": 1,
          "attributes": {
            "allow_recreate": null,
            "allow_stopping_for_update": null,
            "boot_disk": [
              {
                "auto_delete": true,
                "device_name": "epdmnjjaorctrgoh0l7r",
                "disk_id": "epdmnjjaorctrgoh0l7r",
                "initialize_params": [
                  {
                    "block_size": 4096,
                    "description": "",
                    "image_id": "fd82vchjp2kdjiuam29k",
                    "name": "",
                    "size": 10,
                    "snapshot_id": "",
                    "type": "network-hdd"
                  }
                ],
                "mode": "READ_WRITE"
              }
            ],
            "created_at": "2024-05-12T18:09:14Z",
            "description": "",
            "filesystem": [],
            "folder_id": "b1gglr7jgq075fs1mcqp",
            "fqdn": "vm-web-b.ru-central1.internal",
            "gpu_cluster_id": "",
            "hostname": "vm-web-b",
            "id": "epdtvqcdjuls5pn9cqjk",
            "labels": {},
            "local_disk": [],
            "maintenance_grace_period": "",
            "maintenance_policy": null,
            "metadata": {
              "user-data": "#cloud-config\ndatasource:\n  Ec2:\n    strict_id: false\nssh_pwauth: no\nusers:\n - name: ermac\n   groups: sudo\n   shell: /bin/bash\n   sudo: 'ALL=(ALL) NOPASSWD:ALL'\n   ssh-authorized-keys:\n     - ssh-rsa AAAAB3NzaC1yc2EAAAADAQABAAABgQCyX6zUYAskV/bduIGwvXow/zZuZCcwcenVQXDqWcPP09fSa/ZIUDThiDFCSNDBWsVttuPujidvl3jL26zJqFmZfp8WX7VjZoadZ0wixzwGgUDgRKhh6GbsnrUEZiEUy3rDVU+gx/rZp2EaAyN9wIAu9uegae92RkZb+4VuI3JZ1L4mjofUWanOacosG8eVqSEEdzmK3mrxvSfM85GTK58pQlNHRphXvhBWBsnDnQ5botloFlVLSPP6cbSE+OwxwQRJtOdb79nK4XgYOb/AoMQBEu0wfPEBVUe35fXB78wUDhJPPznuRFlkB8bNBwdye7NY7QCI+xgrhRaDxfwNOieAw55h0GsbJoZLkKf82dg+vQMWoYG9+j0Gp3dgLHezA6c75eH6wWw8EuijgplYkutWcpeJ9iq5kufJvJX7RIMC2g1stbBm3M72fc0fno3F7kwdgENDc+P6zbA3w74hzjYPe18sRMa7URdmo4WkBoffzarKBffEYQVtQAMIKUN8Aak= ermac@ubuntu-server\nruncmd: []"
            },
            "metadata_options": [
              {
                "aws_v1_http_endpoint": 1,
                "aws_v1_http_token": 2,
                "gce_http_endpoint": 1,
                "gce_http_token": 1
              }
            ],
            "name": "vm-web-b",
            "network_acceleration_type": "standard",
            "network_interface": [
              {
                "dns_record": [],
                "index": 0,
                "ip_address": "172.16.16.5",
                "ipv4": true,
                "ipv6": false,
                "ipv6_address": "",
                "ipv6_dns_record": [],
                "mac_address": "d0:0d:1d:fe:98:d9",
                "nat": false,
                "nat_dns_record": [],
                "nat_ip_address": "",
                "nat_ip_version": "",
                "security_group_ids": [
                  "enp5434ees1j8d9k1n0a"
                ],
                "subnet_id": "e2l0fn2b8dccq7ikvd0f"
              }
            ],
            "placement_policy": [
              {
                "host_affinity_rules": [],
                "placement_group_id": "",
                "placement_group_partition": 0
              }
            ],
            "platform_id": "standard-v2",
            "resources": [
              {
                "core_fraction": 20,
                "cores": 2,
                "gpus": 0,
                "memory": 1
              }
            ],
            "scheduling_policy": [
              {
                "preemptible": true
              }
            ],
            "secondary_disk": [],
            "service_account_id": "",
            "status": "running",
            "timeouts": null,
            "zone": "ru-central1-b"
          },
          "sensitive_attributes": [],
          "private": "eyJlMmJmYjczMC1lY2FhLTExZTYtOGY4OC0zNDM2M2JjN2M0YzAiOnsiY3JlYXRlIjozMDAwMDAwMDAwMDAsImRlbGV0ZSI6MzAwMDAwMDAwMDAwLCJ1cGRhdGUiOjMwMDAwMDAwMDAwMH0sInNjaGVtYV92ZXJzaW9uIjoiMSJ9",
          "dependencies": [
            "yandex_vpc_gateway.nat_gateway",
            "yandex_vpc_network.internal-bastion-network",
            "yandex_vpc_route_table.rt",
            "yandex_vpc_security_group.internal-bastion-sg",
            "yandex_vpc_subnet.bastion-internal-segment-b"
          ],
          "create_before_destroy": true
        }
      ]
    },
    {
      "mode": "managed",
      "type": "yandex_compute_instance",
      "name": "vm-zabbix",
      "provider": "provider[\"registry.terraform.io/yandex-cloud/yandex\"]",
      "instances": [
        {
          "schema_version": 1,
          "attributes": {
            "allow_recreate": null,
            "allow_stopping_for_update": null,
            "boot_disk": [
              {
                "auto_delete": true,
                "device_name": "fv4pho4o3q87pemfcq6o",
                "disk_id": "fv4pho4o3q87pemfcq6o",
                "initialize_params": [
                  {
                    "block_size": 4096,
                    "description": "",
                    "image_id": "fd82vchjp2kdjiuam29k",
                    "name": "",
                    "size": 10,
                    "snapshot_id": "",
                    "type": "network-hdd"
                  }
                ],
                "mode": "READ_WRITE"
              }
            ],
            "created_at": "2024-05-12T18:09:14Z",
            "description": "",
            "filesystem": [],
            "folder_id": "b1gglr7jgq075fs1mcqp",
            "fqdn": "vm-zabbix.ru-central1.internal",
            "gpu_cluster_id": "",
            "hostname": "vm-zabbix",
            "id": "fv405rlhfmjnbqbqfj5r",
            "labels": {},
            "local_disk": [],
            "maintenance_grace_period": "",
            "maintenance_policy": null,
            "metadata": {
              "user-data": "#cloud-config\ndatasource:\n  Ec2:\n    strict_id: false\nssh_pwauth: no\nusers:\n - name: ermac\n   groups: sudo\n   shell: /bin/bash\n   sudo: 'ALL=(ALL) NOPASSWD:ALL'\n   ssh-authorized-keys:\n     - ssh-rsa AAAAB3NzaC1yc2EAAAADAQABAAABgQCyX6zUYAskV/bduIGwvXow/zZuZCcwcenVQXDqWcPP09fSa/ZIUDThiDFCSNDBWsVttuPujidvl3jL26zJqFmZfp8WX7VjZoadZ0wixzwGgUDgRKhh6GbsnrUEZiEUy3rDVU+gx/rZp2EaAyN9wIAu9uegae92RkZb+4VuI3JZ1L4mjofUWanOacosG8eVqSEEdzmK3mrxvSfM85GTK58pQlNHRphXvhBWBsnDnQ5botloFlVLSPP6cbSE+OwxwQRJtOdb79nK4XgYOb/AoMQBEu0wfPEBVUe35fXB78wUDhJPPznuRFlkB8bNBwdye7NY7QCI+xgrhRaDxfwNOieAw55h0GsbJoZLkKf82dg+vQMWoYG9+j0Gp3dgLHezA6c75eH6wWw8EuijgplYkutWcpeJ9iq5kufJvJX7RIMC2g1stbBm3M72fc0fno3F7kwdgENDc+P6zbA3w74hzjYPe18sRMa7URdmo4WkBoffzarKBffEYQVtQAMIKUN8Aak= ermac@ubuntu-server\nruncmd: []"
            },
            "metadata_options": [
              {
                "aws_v1_http_endpoint": 1,
                "aws_v1_http_token": 2,
                "gce_http_endpoint": 1,
                "gce_http_token": 1
              }
            ],
            "name": "vm-zabbix",
            "network_acceleration_type": "standard",
            "network_interface": [
              {
                "dns_record": [],
                "index": 0,
                "ip_address": "172.16.17.22",
                "ipv4": true,
                "ipv6": false,
                "ipv6_address": "",
                "ipv6_dns_record": [],
                "mac_address": "d0:0d:2e:eb:17:da",
                "nat": true,
                "nat_dns_record": [],
                "nat_ip_address": "158.160.133.85",
                "nat_ip_version": "IPV4",
                "security_group_ids": [
                  "enp5434ees1j8d9k1n0a"
                ],
                "subnet_id": "fl8dl8gnfkdhgg6v6to1"
              }
            ],
            "placement_policy": [
              {
                "host_affinity_rules": [],
                "placement_group_id": "",
                "placement_group_partition": 0
              }
            ],
            "platform_id": "standard-v2",
            "resources": [
              {
                "core_fraction": 20,
                "cores": 2,
                "gpus": 0,
                "memory": 1
              }
            ],
            "scheduling_policy": [
              {
                "preemptible": true
              }
            ],
            "secondary_disk": [],
            "service_account_id": "",
            "status": "running",
            "timeouts": null,
            "zone": "ru-central1-d"
          },
          "sensitive_attributes": [],
          "private": "eyJlMmJmYjczMC1lY2FhLTExZTYtOGY4OC0zNDM2M2JjN2M0YzAiOnsiY3JlYXRlIjozMDAwMDAwMDAwMDAsImRlbGV0ZSI6MzAwMDAwMDAwMDAwLCJ1cGRhdGUiOjMwMDAwMDAwMDAwMH0sInNjaGVtYV92ZXJzaW9uIjoiMSJ9",
          "dependencies": [
            "yandex_vpc_network.internal-bastion-network",
            "yandex_vpc_security_group.internal-bastion-sg",
            "yandex_vpc_subnet.bastion-internal-segment-c"
          ],
          "create_before_destroy": true
        }
      ]
    },
    {
      "mode": "managed",
      "type": "yandex_compute_snapshot",
      "name": "bastion-host-snapshot",
      "provider": "provider[\"registry.terraform.io/yandex-cloud/yandex\"]",
      "instances": [
        {
          "schema_version": 0,
          "attributes": {
            "created_at": "2024-05-12T18:09:53Z",
            "description": "Daily snapshot of vm-bastion-host",
            "disk_size": 10,
            "folder_id": "b1gglr7jgq075fs1mcqp",
            "id": "fd8moors38vvngkkpvfi",
            "labels": {
              "auto-delete": "true"
            },
            "name": "bastion-host-snapshot-20240512",
            "source_disk_id": "fhmk1e7enl3ohn4l613r",
            "storage_size": 7,
            "timeouts": null
          },
          "sensitive_attributes": [],
          "private": "eyJlMmJmYjczMC1lY2FhLTExZTYtOGY4OC0zNDM2M2JjN2M0YzAiOnsiY3JlYXRlIjoxMjAwMDAwMDAwMDAwLCJkZWxldGUiOjEyMDAwMDAwMDAwMDAsInVwZGF0ZSI6MTIwMDAwMDAwMDAwMH19",
          "dependencies": [
            "yandex_compute_instance.bastion-host",
            "yandex_vpc_gateway.nat_gateway",
            "yandex_vpc_network.internal-bastion-network",
            "yandex_vpc_route_table.rt",
            "yandex_vpc_security_group.internal-bastion-sg",
            "yandex_vpc_security_group.secure-bastion-sg",
            "yandex_vpc_subnet.bastion-internal-segment-a"
          ],
          "create_before_destroy": true
        }
      ]
    },
    {
      "mode": "managed",
      "type": "yandex_compute_snapshot",
      "name": "vm-elastics-snapshot",
      "provider": "provider[\"registry.terraform.io/yandex-cloud/yandex\"]",
      "instances": [
        {
          "schema_version": 0,
          "attributes": {
            "created_at": "2024-05-12T18:09:45Z",
            "description": "Daily snapshot of vm-elastics",
            "disk_size": 10,
            "folder_id": "b1gglr7jgq075fs1mcqp",
            "id": "fd8sgd7cfqaivl4a1mks",
            "labels": {
              "auto-delete": "true"
            },
            "name": "vm-elastics-snapshot-20240512",
            "source_disk_id": "epdqj77t8mprioc3sss6",
            "storage_size": 7,
            "timeouts": null
          },
          "sensitive_attributes": [],
          "private": "eyJlMmJmYjczMC1lY2FhLTExZTYtOGY4OC0zNDM2M2JjN2M0YzAiOnsiY3JlYXRlIjoxMjAwMDAwMDAwMDAwLCJkZWxldGUiOjEyMDAwMDAwMDAwMDAsInVwZGF0ZSI6MTIwMDAwMDAwMDAwMH19",
          "dependencies": [
            "yandex_compute_instance.vm-elastics",
            "yandex_vpc_gateway.nat_gateway",
            "yandex_vpc_network.internal-bastion-network",
            "yandex_vpc_route_table.rt",
            "yandex_vpc_security_group.internal-bastion-sg",
            "yandex_vpc_subnet.bastion-internal-segment-b"
          ],
          "create_before_destroy": true
        }
      ]
    },
    {
      "mode": "managed",
      "type": "yandex_compute_snapshot",
      "name": "vm-kibana-snapshot",
      "provider": "provider[\"registry.terraform.io/yandex-cloud/yandex\"]",
      "instances": [
        {
          "schema_version": 0,
          "attributes": {
            "created_at": "2024-05-12T18:09:58Z",
            "description": "Daily snapshot of vm-elastics",
            "disk_size": 10,
            "folder_id": "b1gglr7jgq075fs1mcqp",
            "id": "fd8tas5blahjklq7i1i8",
            "labels": {
              "auto-delete": "true"
            },
            "name": "vm-kibana-snapshot-20240512",
            "source_disk_id": "fv45a3k0k7u76niuo1ft",
            "storage_size": 7,
            "timeouts": null
          },
          "sensitive_attributes": [],
          "private": "eyJlMmJmYjczMC1lY2FhLTExZTYtOGY4OC0zNDM2M2JjN2M0YzAiOnsiY3JlYXRlIjoxMjAwMDAwMDAwMDAwLCJkZWxldGUiOjEyMDAwMDAwMDAwMDAsInVwZGF0ZSI6MTIwMDAwMDAwMDAwMH19",
          "dependencies": [
            "yandex_compute_instance.vm-kibana",
            "yandex_vpc_network.internal-bastion-network",
            "yandex_vpc_security_group.internal-bastion-sg",
            "yandex_vpc_subnet.bastion-internal-segment-c"
          ],
          "create_before_destroy": true
        }
      ]
    },
    {
      "mode": "managed",
      "type": "yandex_compute_snapshot",
      "name": "vm-web-a-snapshot",
      "provider": "provider[\"registry.terraform.io/yandex-cloud/yandex\"]",
      "instances": [
        {
          "schema_version": 0,
          "attributes": {
            "created_at": "2024-05-12T18:09:49Z",
            "description": "Daily snapshot of vm-web-a",
            "disk_size": 10,
            "folder_id": "b1gglr7jgq075fs1mcqp",
            "id": "fd8eromejlaq13ufm5qt",
            "labels": {
              "auto-delete": "true"
            },
            "name": "vm-web-a-snapshot-20240512",
            "source_disk_id": "fhmkhu72fio839vqjql3",
            "storage_size": 7,
            "timeouts": null
          },
          "sensitive_attributes": [],
          "private": "eyJlMmJmYjczMC1lY2FhLTExZTYtOGY4OC0zNDM2M2JjN2M0YzAiOnsiY3JlYXRlIjoxMjAwMDAwMDAwMDAwLCJkZWxldGUiOjEyMDAwMDAwMDAwMDAsInVwZGF0ZSI6MTIwMDAwMDAwMDAwMH19",
          "dependencies": [
            "yandex_compute_instance.vm-web-a",
            "yandex_vpc_gateway.nat_gateway",
            "yandex_vpc_network.internal-bastion-network",
            "yandex_vpc_route_table.rt",
            "yandex_vpc_security_group.internal-bastion-sg",
            "yandex_vpc_subnet.bastion-internal-segment-a"
          ],
          "create_before_destroy": true
        }
      ]
    },
    {
      "mode": "managed",
      "type": "yandex_compute_snapshot",
      "name": "vm-web-b-snapshot",
      "provider": "provider[\"registry.terraform.io/yandex-cloud/yandex\"]",
      "instances": [
        {
          "schema_version": 0,
          "attributes": {
            "created_at": "2024-05-12T18:09:46Z",
            "description": "Daily snapshot of vm-web-b",
            "disk_size": 10,
            "folder_id": "b1gglr7jgq075fs1mcqp",
            "id": "fd8trhpc2ba59ta7f7uc",
            "labels": {
              "auto-delete": "true"
            },
            "name": "vm-web-b-snapshot-20240512",
            "source_disk_id": "epdmnjjaorctrgoh0l7r",
            "storage_size": 7,
            "timeouts": null
          },
          "sensitive_attributes": [],
          "private": "eyJlMmJmYjczMC1lY2FhLTExZTYtOGY4OC0zNDM2M2JjN2M0YzAiOnsiY3JlYXRlIjoxMjAwMDAwMDAwMDAwLCJkZWxldGUiOjEyMDAwMDAwMDAwMDAsInVwZGF0ZSI6MTIwMDAwMDAwMDAwMH19",
          "dependencies": [
            "yandex_compute_instance.vm-web-b",
            "yandex_vpc_gateway.nat_gateway",
            "yandex_vpc_network.internal-bastion-network",
            "yandex_vpc_route_table.rt",
            "yandex_vpc_security_group.internal-bastion-sg",
            "yandex_vpc_subnet.bastion-internal-segment-b"
          ],
          "create_before_destroy": true
        }
      ]
    },
    {
      "mode": "managed",
      "type": "yandex_compute_snapshot",
      "name": "vm-zabbix-snapshot",
      "provider": "provider[\"registry.terraform.io/yandex-cloud/yandex\"]",
      "instances": [
        {
          "schema_version": 0,
          "attributes": {
            "created_at": "2024-05-12T18:09:48Z",
            "description": "Daily snapshot of vm-elastics",
            "disk_size": 10,
            "folder_id": "b1gglr7jgq075fs1mcqp",
            "id": "fd81mi4gcl0cnlhupod5",
            "labels": {
              "auto-delete": "true"
            },
            "name": "vm-zabbix-snapshot-20240512",
            "source_disk_id": "fv4pho4o3q87pemfcq6o",
            "storage_size": 7,
            "timeouts": null
          },
          "sensitive_attributes": [],
          "private": "eyJlMmJmYjczMC1lY2FhLTExZTYtOGY4OC0zNDM2M2JjN2M0YzAiOnsiY3JlYXRlIjoxMjAwMDAwMDAwMDAwLCJkZWxldGUiOjEyMDAwMDAwMDAwMDAsInVwZGF0ZSI6MTIwMDAwMDAwMDAwMH19",
          "dependencies": [
            "yandex_compute_instance.vm-zabbix",
            "yandex_vpc_network.internal-bastion-network",
            "yandex_vpc_security_group.internal-bastion-sg",
            "yandex_vpc_subnet.bastion-internal-segment-c"
          ],
          "create_before_destroy": true
        }
      ]
    },
    {
      "mode": "managed",
      "type": "yandex_compute_snapshot_schedule",
      "name": "vm-bastion-host-snapshot-schedule",
      "provider": "provider[\"registry.terraform.io/yandex-cloud/yandex\"]",
      "instances": [
        {
          "schema_version": 0,
          "attributes": {
            "created_at": "2024-05-12T18:09:53Z",
            "description": "Schedule for daily snapshots of bastion-host with one-week retention",
            "disk_ids": [
              "fhmk1e7enl3ohn4l613r"
            ],
            "folder_id": "b1gglr7jgq075fs1mcqp",
            "id": "fd858cl7bj5u839qvjvn",
            "labels": {},
            "name": "bastion-host-snapshot-schedule",
            "retention_period": "168h0m0s",
            "schedule_policy": [
              {
                "expression": "0 0 * * *",
                "start_at": "1970-01-01T00:00:00Z"
              }
            ],
            "snapshot_count": 0,
            "snapshot_spec": [
              {
                "description": "Snapshot created by schedule",
                "labels": {
                  "snapshot-label": "vm-bastion-host-daily"
                }
              }
            ],
            "status": "active",
            "timeouts": null
          },
          "sensitive_attributes": [],
          "private": "eyJlMmJmYjczMC1lY2FhLTExZTYtOGY4OC0zNDM2M2JjN2M0YzAiOnsiY3JlYXRlIjozMDAwMDAwMDAwMDAsImRlbGV0ZSI6MzAwMDAwMDAwMDAwLCJ1cGRhdGUiOjMwMDAwMDAwMDAwMH19",
          "dependencies": [
            "yandex_compute_instance.bastion-host",
            "yandex_vpc_gateway.nat_gateway",
            "yandex_vpc_network.internal-bastion-network",
            "yandex_vpc_route_table.rt",
            "yandex_vpc_security_group.internal-bastion-sg",
            "yandex_vpc_security_group.secure-bastion-sg",
            "yandex_vpc_subnet.bastion-internal-segment-a"
          ]
        }
      ]
    },
    {
      "mode": "managed",
      "type": "yandex_compute_snapshot_schedule",
      "name": "vm-elastics-snapshot-schedule",
      "provider": "provider[\"registry.terraform.io/yandex-cloud/yandex\"]",
      "instances": [
        {
          "schema_version": 0,
          "attributes": {
            "created_at": "2024-05-12T18:09:45Z",
            "description": "Schedule for daily snapshots of vm-elastics with one-week retention",
            "disk_ids": [
              "epdbn784ef5osi46g5jq"
            ],
            "folder_id": "b1gglr7jgq075fs1mcqp",
            "id": "fd8kj45aj6j0aeg12aib",
            "labels": {},
            "name": "vm-elastics-snapshot-schedule",
            "retention_period": "168h0m0s",
            "schedule_policy": [
              {
                "expression": "0 0 * * *",
                "start_at": "1970-01-01T00:00:00Z"
              }
            ],
            "snapshot_count": 0,
            "snapshot_spec": [
              {
                "description": "Snapshot created by schedule",
                "labels": {
                  "snapshot-label": "vm-elastics-daily"
                }
              }
            ],
            "status": "active",
            "timeouts": null
          },
          "sensitive_attributes": [],
          "private": "eyJlMmJmYjczMC1lY2FhLTExZTYtOGY4OC0zNDM2M2JjN2M0YzAiOnsiY3JlYXRlIjozMDAwMDAwMDAwMDAsImRlbGV0ZSI6MzAwMDAwMDAwMDAwLCJ1cGRhdGUiOjMwMDAwMDAwMDAwMH19",
          "dependencies": [
            "yandex_compute_instance.vm-elastics",
            "yandex_vpc_gateway.nat_gateway",
            "yandex_vpc_network.internal-bastion-network",
            "yandex_vpc_route_table.rt",
            "yandex_vpc_security_group.internal-bastion-sg",
            "yandex_vpc_subnet.bastion-internal-segment-b"
          ]
        }
      ]
    },
    {
      "mode": "managed",
      "type": "yandex_compute_snapshot_schedule",
      "name": "vm-kibana-snapshot-schedule",
      "provider": "provider[\"registry.terraform.io/yandex-cloud/yandex\"]",
      "instances": [
        {
          "schema_version": 0,
          "attributes": {
            "created_at": "2024-05-12T18:30:49Z",
            "description": "Schedule for daily snapshots of vm-kibana with one-week retention",
            "disk_ids": [
              "fv45a3k0k7u76niuo1ft"
            ],
            "folder_id": "b1gglr7jgq075fs1mcqp",
            "id": "fd8obrut4taaboq4ef4p",
            "labels": {},
            "name": "vm-kibana-snapshot-schedule",
            "retention_period": "168h0m0s",
            "schedule_policy": [
              {
                "expression": "0 0 * * *",
                "start_at": "1970-01-01T00:00:00Z"
              }
            ],
            "snapshot_count": 0,
            "snapshot_spec": [
              {
                "description": "Snapshot created by schedule",
                "labels": {
                  "snapshot-label": "vm-kibana-daily"
                }
              }
            ],
            "status": "active",
            "timeouts": null
          },
          "sensitive_attributes": [],
          "private": "eyJlMmJmYjczMC1lY2FhLTExZTYtOGY4OC0zNDM2M2JjN2M0YzAiOnsiY3JlYXRlIjozMDAwMDAwMDAwMDAsImRlbGV0ZSI6MzAwMDAwMDAwMDAwLCJ1cGRhdGUiOjMwMDAwMDAwMDAwMH19",
          "dependencies": [
            "yandex_compute_instance.vm-kibana",
            "yandex_vpc_network.internal-bastion-network",
            "yandex_vpc_security_group.internal-bastion-sg",
            "yandex_vpc_subnet.bastion-internal-segment-c"
          ]
        }
      ]
    },
    {
      "mode": "managed",
      "type": "yandex_compute_snapshot_schedule",
      "name": "vm-web-a-snapshot-schedule",
      "provider": "provider[\"registry.terraform.io/yandex-cloud/yandex\"]",
      "instances": [
        {
          "schema_version": 0,
          "attributes": {
            "created_at": "2024-05-12T18:09:49Z",
            "description": "Schedule for daily snapshots of vm-web-a with one-week retention",
            "disk_ids": [
              "fhmkhu72fio839vqjql3"
            ],
            "folder_id": "b1gglr7jgq075fs1mcqp",
            "id": "fd86pgq6un3j9j3pa8jg",
            "labels": {},
            "name": "vm-web-a-snapshot-schedule",
            "retention_period": "168h0m0s",
            "schedule_policy": [
              {
                "expression": "0 0 * * *",
                "start_at": "1970-01-01T00:00:00Z"
              }
            ],
            "snapshot_count": 0,
            "snapshot_spec": [
              {
                "description": "Snapshot created by schedule",
                "labels": {
                  "snapshot-label": "vm-web-a"
                }
              }
            ],
            "status": "active",
            "timeouts": null
          },
          "sensitive_attributes": [],
          "private": "eyJlMmJmYjczMC1lY2FhLTExZTYtOGY4OC0zNDM2M2JjN2M0YzAiOnsiY3JlYXRlIjozMDAwMDAwMDAwMDAsImRlbGV0ZSI6MzAwMDAwMDAwMDAwLCJ1cGRhdGUiOjMwMDAwMDAwMDAwMH19",
          "dependencies": [
            "yandex_compute_instance.vm-web-a",
            "yandex_vpc_gateway.nat_gateway",
            "yandex_vpc_network.internal-bastion-network",
            "yandex_vpc_route_table.rt",
            "yandex_vpc_security_group.internal-bastion-sg",
            "yandex_vpc_subnet.bastion-internal-segment-a"
          ]
        }
      ]
    },
    {
      "mode": "managed",
      "type": "yandex_compute_snapshot_schedule",
      "name": "vm-web-b-snapshot-schedule",
      "provider": "provider[\"registry.terraform.io/yandex-cloud/yandex\"]",
      "instances": [
        {
          "schema_version": 0,
          "attributes": {
            "created_at": "2024-05-12T18:30:49Z",
            "description": "Schedule for daily snapshots of vm-web-b with one-week retention",
            "disk_ids": [
              "epdmnjjaorctrgoh0l7r"
            ],
            "folder_id": "b1gglr7jgq075fs1mcqp",
            "id": "fd83btgp3511it06tk7j",
            "labels": {},
            "name": "vm-web-b-snapshot-schedule",
            "retention_period": "168h0m0s",
            "schedule_policy": [
              {
                "expression": "0 0 * * *",
                "start_at": "1970-01-01T00:00:00Z"
              }
            ],
            "snapshot_count": 0,
            "snapshot_spec": [
              {
                "description": "Snapshot created by schedule",
                "labels": {
                  "snapshot-label": "vm-web-b"
                }
              }
            ],
            "status": "active",
            "timeouts": null
          },
          "sensitive_attributes": [],
          "private": "eyJlMmJmYjczMC1lY2FhLTExZTYtOGY4OC0zNDM2M2JjN2M0YzAiOnsiY3JlYXRlIjozMDAwMDAwMDAwMDAsImRlbGV0ZSI6MzAwMDAwMDAwMDAwLCJ1cGRhdGUiOjMwMDAwMDAwMDAwMH19",
          "dependencies": [
            "yandex_compute_instance.vm-web-b",
            "yandex_vpc_gateway.nat_gateway",
            "yandex_vpc_network.internal-bastion-network",
            "yandex_vpc_route_table.rt",
            "yandex_vpc_security_group.internal-bastion-sg",
            "yandex_vpc_subnet.bastion-internal-segment-b"
          ]
        }
      ]
    },
    {
      "mode": "managed",
      "type": "yandex_compute_snapshot_schedule",
      "name": "vm-zabbix-snapshot-schedule",
      "provider": "provider[\"registry.terraform.io/yandex-cloud/yandex\"]",
      "instances": [
        {
          "schema_version": 0,
          "attributes": {
            "created_at": "2024-05-12T18:09:48Z",
            "description": "Schedule for daily snapshots of vm-zabbix with one-week retention",
            "disk_ids": [
              "fv4pho4o3q87pemfcq6o"
            ],
            "folder_id": "b1gglr7jgq075fs1mcqp",
            "id": "fd8q1rqjf2gjc1rvpsjq",
            "labels": {},
            "name": "vm-zabbix-snapshot-schedule",
            "retention_period": "168h0m0s",
            "schedule_policy": [
              {
                "expression": "0 0 * * *",
                "start_at": "1970-01-01T00:00:00Z"
              }
            ],
            "snapshot_count": 0,
            "snapshot_spec": [
              {
                "description": "Snapshot created by schedule",
                "labels": {
                  "snapshot-label": "vm-zabbix-daily"
                }
              }
            ],
            "status": "active",
            "timeouts": null
          },
          "sensitive_attributes": [],
          "private": "eyJlMmJmYjczMC1lY2FhLTExZTYtOGY4OC0zNDM2M2JjN2M0YzAiOnsiY3JlYXRlIjozMDAwMDAwMDAwMDAsImRlbGV0ZSI6MzAwMDAwMDAwMDAwLCJ1cGRhdGUiOjMwMDAwMDAwMDAwMH19",
          "dependencies": [
            "yandex_compute_instance.vm-zabbix",
            "yandex_vpc_network.internal-bastion-network",
            "yandex_vpc_security_group.internal-bastion-sg",
            "yandex_vpc_subnet.bastion-internal-segment-c"
          ]
        }
      ]
    },
    {
      "mode": "managed",
      "type": "yandex_dns_zone",
      "name": "zone1",
      "provider": "provider[\"registry.terraform.io/yandex-cloud/yandex\"]",
      "instances": [
        {
          "schema_version": 0,
          "attributes": {
            "created_at": "2024-05-12T18:09:12Z",
            "deletion_protection": false,
            "description": "desc",
            "folder_id": "b1gglr7jgq075fs1mcqp",
            "id": "dns9s8mpq36eva1gc6fo",
            "labels": {
              "label1": "label-1-value"
            },
            "name": "my-private-zone",
            "private_networks": [
              "enpp4f2mhvmhtibutbop"
            ],
            "public": false,
            "timeouts": null,
            "zone": "ermac.com."
          },
          "sensitive_attributes": [],
          "private": "eyJlMmJmYjczMC1lY2FhLTExZTYtOGY4OC0zNDM2M2JjN2M0YzAiOnsiY3JlYXRlIjozMDAwMDAwMDAwMDAsImRlbGV0ZSI6MzAwMDAwMDAwMDAwLCJ1cGRhdGUiOjMwMDAwMDAwMDAwMH19",
          "dependencies": [
            "yandex_vpc_network.internal-bastion-network"
          ]
        }
      ]
    },
    {
      "mode": "managed",
      "type": "yandex_vpc_gateway",
      "name": "nat_gateway",
      "provider": "provider[\"registry.terraform.io/yandex-cloud/yandex\"]",
      "instances": [
        {
          "schema_version": 0,
          "attributes": {
            "created_at": "2024-05-12T18:09:08Z",
            "description": "",
            "folder_id": "b1gglr7jgq075fs1mcqp",
            "id": "enpkq19i65nmnereujev",
            "labels": {},
            "name": "test-gateway",
            "shared_egress_gateway": [
              {}
            ],
            "timeouts": null
          },
          "sensitive_attributes": [],
          "private": "eyJlMmJmYjczMC1lY2FhLTExZTYtOGY4OC0zNDM2M2JjN2M0YzAiOnsiY3JlYXRlIjo2MDAwMDAwMDAwMCwiZGVsZXRlIjo2MDAwMDAwMDAwMCwidXBkYXRlIjo2MDAwMDAwMDAwMH19",
          "create_before_destroy": true
        }
      ]
    },
    {
      "mode": "managed",
      "type": "yandex_vpc_network",
      "name": "internal-bastion-network",
      "provider": "provider[\"registry.terraform.io/yandex-cloud/yandex\"]",
      "instances": [
        {
          "schema_version": 0,
          "attributes": {
            "created_at": "2024-05-12T18:09:08Z",
            "default_security_group_id": "enpdg039ce9ob584jj3g",
            "description": "",
            "folder_id": "b1gglr7jgq075fs1mcqp",
            "id": "enpp4f2mhvmhtibutbop",
            "labels": {},
            "name": "internal-bastion-network",
            "subnet_ids": [
              "e2l0fn2b8dccq7ikvd0f",
              "e9b910p5nm0lo5mc0vps",
              "fl8dl8gnfkdhgg6v6to1"
            ],
            "timeouts": null
          },
          "sensitive_attributes": [],
          "private": "eyJlMmJmYjczMC1lY2FhLTExZTYtOGY4OC0zNDM2M2JjN2M0YzAiOnsiY3JlYXRlIjo2MDAwMDAwMDAwMCwiZGVsZXRlIjo2MDAwMDAwMDAwMCwidXBkYXRlIjo2MDAwMDAwMDAwMH19",
          "create_before_destroy": true
        }
      ]
    },
    {
      "mode": "managed",
      "type": "yandex_vpc_route_table",
      "name": "rt",
      "provider": "provider[\"registry.terraform.io/yandex-cloud/yandex\"]",
      "instances": [
        {
          "schema_version": 0,
          "attributes": {
            "created_at": "2024-05-12T18:09:11Z",
            "description": "",
            "folder_id": "b1gglr7jgq075fs1mcqp",
            "id": "enp4sf5u8sgekd37ha6d",
            "labels": {},
            "name": "test-route-table",
            "network_id": "enpp4f2mhvmhtibutbop",
            "static_route": [
              {
                "destination_prefix": "0.0.0.0/0",
                "gateway_id": "enpkq19i65nmnereujev",
                "next_hop_address": ""
              }
            ],
            "timeouts": null
          },
          "sensitive_attributes": [],
          "private": "eyJlMmJmYjczMC1lY2FhLTExZTYtOGY4OC0zNDM2M2JjN2M0YzAiOnsiY3JlYXRlIjoxODAwMDAwMDAwMDAsImRlbGV0ZSI6MTgwMDAwMDAwMDAwLCJ1cGRhdGUiOjE4MDAwMDAwMDAwMH19",
          "dependencies": [
            "yandex_vpc_gateway.nat_gateway",
            "yandex_vpc_network.internal-bastion-network"
          ],
          "create_before_destroy": true
        }
      ]
    },
    {
      "mode": "managed",
      "type": "yandex_vpc_security_group",
      "name": "internal-bastion-sg",
      "provider": "provider[\"registry.terraform.io/yandex-cloud/yandex\"]",
      "instances": [
        {
          "schema_version": 0,
          "attributes": {
            "created_at": "2024-05-12T18:09:12Z",
            "description": "",
            "egress": [
              {
                "description": "Allow ping",
                "from_port": -1,
                "id": "enpjraligqjnr07hb6j0",
                "labels": {},
                "port": -1,
                "predefined_target": "self_security_group",
                "protocol": "ICMP",
                "security_group_id": "",
                "to_port": -1,
                "v4_cidr_blocks": [],
                "v6_cidr_blocks": []
              },
              {
                "description": "Allow protocols inside ",
                "from_port": -1,
                "id": "enp21g9rm40nhlh22jrm",
                "labels": {},
                "port": 53,
                "predefined_target": "",
                "protocol": "TCP",
                "security_group_id": "",
                "to_port": -1,
                "v4_cidr_blocks": [
                  "0.0.0.0/0"
                ],
                "v6_cidr_blocks": []
              },
              {
                "description": "Allow protocols inside ",
                "from_port": -1,
                "id": "enp853tmvdmm276ck2ht",
                "labels": {},
                "port": 5601,
                "predefined_target": "",
                "protocol": "TCP",
                "security_group_id": "",
                "to_port": -1,
                "v4_cidr_blocks": [
                  "0.0.0.0/0"
                ],
                "v6_cidr_blocks": []
              },
              {
                "description": "Allow protocols inside ",
                "from_port": -1,
                "id": "enpc2hgug9p9bek5jhv8",
                "labels": {},
                "port": 9200,
                "predefined_target": "",
                "protocol": "TCP",
                "security_group_id": "",
                "to_port": -1,
                "v4_cidr_blocks": [
                  "0.0.0.0/0"
                ],
                "v6_cidr_blocks": []
              },
              {
                "description": "Allow protocols inside ",
                "from_port": -1,
                "id": "enpee923603cg11vgevf",
                "labels": {},
                "port": 22,
                "predefined_target": "",
                "protocol": "TCP",
                "security_group_id": "",
                "to_port": -1,
                "v4_cidr_blocks": [
                  "0.0.0.0/0"
                ],
                "v6_cidr_blocks": []
              },
              {
                "description": "Allow protocols inside ",
                "from_port": -1,
                "id": "enpemrrj4782a7858b93",
                "labels": {},
                "port": 443,
                "predefined_target": "",
                "protocol": "TCP",
                "security_group_id": "",
                "to_port": -1,
                "v4_cidr_blocks": [
                  "0.0.0.0/0"
                ],
                "v6_cidr_blocks": []
              },
              {
                "description": "Allow protocols inside ",
                "from_port": -1,
                "id": "enpl56imi603q3ogeu2r",
                "labels": {},
                "port": 10051,
                "predefined_target": "",
                "protocol": "TCP",
                "security_group_id": "",
                "to_port": -1,
                "v4_cidr_blocks": [
                  "0.0.0.0/0"
                ],
                "v6_cidr_blocks": []
              },
              {
                "description": "Allow protocols inside ",
                "from_port": -1,
                "id": "enpp9cet7rcc5rrmunhu",
                "labels": {},
                "port": 80,
                "predefined_target": "",
                "protocol": "TCP",
                "security_group_id": "",
                "to_port": -1,
                "v4_cidr_blocks": [
                  "0.0.0.0/0"
                ],
                "v6_cidr_blocks": []
              },
              {
                "description": "Allow protocols inside ",
                "from_port": -1,
                "id": "enpv7g4ggutnb422iun0",
                "labels": {},
                "port": 10050,
                "predefined_target": "",
                "protocol": "TCP",
                "security_group_id": "",
                "to_port": -1,
                "v4_cidr_blocks": [
                  "0.0.0.0/0"
                ],
                "v6_cidr_blocks": []
              },
              {
                "description": "Allow zabbix",
                "from_port": -1,
                "id": "enpfu4g50gidl6v64qse",
                "labels": {},
                "port": 10050,
                "predefined_target": "self_security_group",
                "protocol": "TCP",
                "security_group_id": "",
                "to_port": -1,
                "v4_cidr_blocks": [],
                "v6_cidr_blocks": []
              }
            ],
            "folder_id": "b1gglr7jgq075fs1mcqp",
            "id": "enp5434ees1j8d9k1n0a",
            "ingress": [
              {
                "description": "Allow allow ping",
                "from_port": -1,
                "id": "enpjbmhitrnm64g7je0u",
                "labels": {},
                "port": -1,
                "predefined_target": "self_security_group",
                "protocol": "ICMP",
                "security_group_id": "",
                "to_port": -1,
                "v4_cidr_blocks": [],
                "v6_cidr_blocks": []
              },
              {
                "description": "Allow protocols inside ",
                "from_port": -1,
                "id": "enp1cqkgp7qmk7lumh3i",
                "labels": {},
                "port": 9200,
                "predefined_target": "",
                "protocol": "TCP",
                "security_group_id": "",
                "to_port": -1,
                "v4_cidr_blocks": [
                  "0.0.0.0/0"
                ],
                "v6_cidr_blocks": []
              },
              {
                "description": "Allow protocols inside ",
                "from_port": -1,
                "id": "enp3j62an372rd8vagvf",
                "labels": {},
                "port": 443,
                "predefined_target": "",
                "protocol": "TCP",
                "security_group_id": "",
                "to_port": -1,
                "v4_cidr_blocks": [
                  "0.0.0.0/0"
                ],
                "v6_cidr_blocks": []
              },
              {
                "description": "Allow protocols inside ",
                "from_port": -1,
                "id": "enp5p17fc1ggmc83iuj1",
                "labels": {},
                "port": 53,
                "predefined_target": "",
                "protocol": "TCP",
                "security_group_id": "",
                "to_port": -1,
                "v4_cidr_blocks": [
                  "0.0.0.0/0"
                ],
                "v6_cidr_blocks": []
              },
              {
                "description": "Allow protocols inside ",
                "from_port": -1,
                "id": "enp9q06re9j2rhcmqt12",
                "labels": {},
                "port": 10050,
                "predefined_target": "",
                "protocol": "TCP",
                "security_group_id": "",
                "to_port": -1,
                "v4_cidr_blocks": [
                  "0.0.0.0/0"
                ],
                "v6_cidr_blocks": []
              },
              {
                "description": "Allow protocols inside ",
                "from_port": -1,
                "id": "enpirrv19ovgefvfc2hp",
                "labels": {},
                "port": 80,
                "predefined_target": "",
                "protocol": "TCP",
                "security_group_id": "",
                "to_port": -1,
                "v4_cidr_blocks": [
                  "0.0.0.0/0"
                ],
                "v6_cidr_blocks": []
              },
              {
                "description": "Allow protocols inside ",
                "from_port": -1,
                "id": "enppj1tciqcv9sjhigk5",
                "labels": {},
                "port": 10051,
                "predefined_target": "",
                "protocol": "TCP",
                "security_group_id": "",
                "to_port": -1,
                "v4_cidr_blocks": [
                  "0.0.0.0/0"
                ],
                "v6_cidr_blocks": []
              },
              {
                "description": "Allow protocols inside ",
                "from_port": -1,
                "id": "enpqo60agql9gt0te5iv",
                "labels": {},
                "port": 5601,
                "predefined_target": "",
                "protocol": "TCP",
                "security_group_id": "",
                "to_port": -1,
                "v4_cidr_blocks": [
                  "0.0.0.0/0"
                ],
                "v6_cidr_blocks": []
              },
              {
                "description": "Allow ssh protocol from internet",
                "from_port": -1,
                "id": "enp67s9qtsh3fsion76c",
                "labels": {},
                "port": 22,
                "predefined_target": "",
                "protocol": "TCP",
                "security_group_id": "",
                "to_port": -1,
                "v4_cidr_blocks": [
                  "172.16.15.254/32"
                ],
                "v6_cidr_blocks": []
              },
              {
                "description": "Allow zabbix",
                "from_port": -1,
                "id": "enplonc0ohvstou72o7e",
                "labels": {},
                "port": 10050,
                "predefined_target": "self_security_group",
                "protocol": "TCP",
                "security_group_id": "",
                "to_port": -1,
                "v4_cidr_blocks": [],
                "v6_cidr_blocks": []
              },
              {
                "description": "Health checks from NLB",
                "from_port": -1,
                "id": "enpuult7n4gooqtvhulu",
                "labels": {},
                "port": -1,
                "predefined_target": "loadbalancer_healthchecks",
                "protocol": "TCP",
                "security_group_id": "",
                "to_port": -1,
                "v4_cidr_blocks": [],
                "v6_cidr_blocks": []
              }
            ],
            "labels": {},
            "name": "",
            "network_id": "enpp4f2mhvmhtibutbop",
            "status": "ACTIVE",
            "timeouts": null
          },
          "sensitive_attributes": [],
          "private": "eyJlMmJmYjczMC1lY2FhLTExZTYtOGY4OC0zNDM2M2JjN2M0YzAiOnsiY3JlYXRlIjoxODAwMDAwMDAwMDAsImRlbGV0ZSI6MTgwMDAwMDAwMDAwLCJ1cGRhdGUiOjE4MDAwMDAwMDAwMH19",
          "dependencies": [
            "yandex_vpc_network.internal-bastion-network"
          ],
          "create_before_destroy": true
        }
      ]
    },
    {
      "mode": "managed",
      "type": "yandex_vpc_security_group",
      "name": "secure-bastion-sg",
      "provider": "provider[\"registry.terraform.io/yandex-cloud/yandex\"]",
      "instances": [
        {
          "schema_version": 0,
          "attributes": {
            "created_at": "2024-05-12T18:09:15Z",
            "description": "",
            "egress": [],
            "folder_id": "b1gglr7jgq075fs1mcqp",
            "id": "enp2m3r823krdkjjpjvu",
            "ingress": [
              {
                "description": "Allow ssh protocol from internet",
                "from_port": -1,
                "id": "enpa0babt7b6c60s5hmo",
                "labels": {},
                "port": 22,
                "predefined_target": "",
                "protocol": "TCP",
                "security_group_id": "",
                "to_port": -1,
                "v4_cidr_blocks": [
                  "0.0.0.0/0"
                ],
                "v6_cidr_blocks": []
              }
            ],
            "labels": {},
            "name": "",
            "network_id": "enpp4f2mhvmhtibutbop",
            "status": "ACTIVE",
            "timeouts": null
          },
          "sensitive_attributes": [],
          "private": "eyJlMmJmYjczMC1lY2FhLTExZTYtOGY4OC0zNDM2M2JjN2M0YzAiOnsiY3JlYXRlIjoxODAwMDAwMDAwMDAsImRlbGV0ZSI6MTgwMDAwMDAwMDAwLCJ1cGRhdGUiOjE4MDAwMDAwMDAwMH19",
          "dependencies": [
            "yandex_vpc_network.internal-bastion-network"
          ],
          "create_before_destroy": true
        }
      ]
    },
    {
      "mode": "managed",
      "type": "yandex_vpc_subnet",
      "name": "bastion-internal-segment-a",
      "provider": "provider[\"registry.terraform.io/yandex-cloud/yandex\"]",
      "instances": [
        {
          "schema_version": 0,
          "attributes": {
            "created_at": "2024-05-12T18:09:13Z",
            "description": "",
            "dhcp_options": [],
            "folder_id": "b1gglr7jgq075fs1mcqp",
            "id": "e9b910p5nm0lo5mc0vps",
            "labels": {},
            "name": "bastion-internal-segment-a",
            "network_id": "enpp4f2mhvmhtibutbop",
            "route_table_id": "enp4sf5u8sgekd37ha6d",
            "timeouts": null,
            "v4_cidr_blocks": [
              "172.16.15.0/24"
            ],
            "v6_cidr_blocks": [],
            "zone": "ru-central1-a"
          },
          "sensitive_attributes": [],
          "private": "eyJlMmJmYjczMC1lY2FhLTExZTYtOGY4OC0zNDM2M2JjN2M0YzAiOnsiY3JlYXRlIjoxODAwMDAwMDAwMDAsImRlbGV0ZSI6MTgwMDAwMDAwMDAwLCJ1cGRhdGUiOjE4MDAwMDAwMDAwMH19",
          "dependencies": [
            "yandex_vpc_gateway.nat_gateway",
            "yandex_vpc_network.internal-bastion-network",
            "yandex_vpc_route_table.rt"
          ],
          "create_before_destroy": true
        }
      ]
    },
    {
      "mode": "managed",
      "type": "yandex_vpc_subnet",
      "name": "bastion-internal-segment-b",
      "provider": "provider[\"registry.terraform.io/yandex-cloud/yandex\"]",
      "instances": [
        {
          "schema_version": 0,
          "attributes": {
            "created_at": "2024-05-12T18:09:12Z",
            "description": "",
            "dhcp_options": [],
            "folder_id": "b1gglr7jgq075fs1mcqp",
            "id": "e2l0fn2b8dccq7ikvd0f",
            "labels": {},
            "name": "bastion-internal-segment-b",
            "network_id": "enpp4f2mhvmhtibutbop",
            "route_table_id": "enp4sf5u8sgekd37ha6d",
            "timeouts": null,
            "v4_cidr_blocks": [
              "172.16.16.0/24"
            ],
            "v6_cidr_blocks": [],
            "zone": "ru-central1-b"
          },
          "sensitive_attributes": [],
          "private": "eyJlMmJmYjczMC1lY2FhLTExZTYtOGY4OC0zNDM2M2JjN2M0YzAiOnsiY3JlYXRlIjoxODAwMDAwMDAwMDAsImRlbGV0ZSI6MTgwMDAwMDAwMDAwLCJ1cGRhdGUiOjE4MDAwMDAwMDAwMH19",
          "dependencies": [
            "yandex_vpc_gateway.nat_gateway",
            "yandex_vpc_network.internal-bastion-network",
            "yandex_vpc_route_table.rt"
          ],
          "create_before_destroy": true
        }
      ]
    },
    {
      "mode": "managed",
      "type": "yandex_vpc_subnet",
      "name": "bastion-internal-segment-c",
      "provider": "provider[\"registry.terraform.io/yandex-cloud/yandex\"]",
      "instances": [
        {
          "schema_version": 0,
          "attributes": {
            "created_at": "2024-05-12T18:09:13Z",
            "description": "",
            "dhcp_options": [],
            "folder_id": "b1gglr7jgq075fs1mcqp",
            "id": "fl8dl8gnfkdhgg6v6to1",
            "labels": {},
            "name": "bastion-internal-segment-c",
            "network_id": "enpp4f2mhvmhtibutbop",
            "route_table_id": "",
            "timeouts": null,
            "v4_cidr_blocks": [
              "172.16.17.0/24"
            ],
            "v6_cidr_blocks": [],
            "zone": "ru-central1-d"
          },
          "sensitive_attributes": [],
          "private": "eyJlMmJmYjczMC1lY2FhLTExZTYtOGY4OC0zNDM2M2JjN2M0YzAiOnsiY3JlYXRlIjoxODAwMDAwMDAwMDAsImRlbGV0ZSI6MTgwMDAwMDAwMDAwLCJ1cGRhdGUiOjE4MDAwMDAwMDAwMH19",
          "dependencies": [
            "yandex_vpc_network.internal-bastion-network"
          ],
          "create_before_destroy": true
        }
      ]
    }
  ],
  "check_results": null
}
