{
  "version": 4,
  "terraform_version": "1.7.0",
  "serial": 442,
  "lineage": "b5fe7ff9-aa15-20cf-c325-05c02902b2af",
  "outputs": {},
  "resources": [
    {
      "mode": "managed",
      "type": "yandex_alb_backend_group",
      "name": "backend_group",
      "provider": "provider[\"registry.terraform.io/yandex-cloud/yandex\"]",
      "instances": [
        {
          "schema_version": 0,
          "attributes": {
            "created_at": "2024-04-22T22:58:01Z",
            "description": "",
            "folder_id": "b1gfcg9sv09pksgqrav5",
            "grpc_backend": [],
            "http_backend": [
              {
                "healthcheck": [
                  {
                    "grpc_healthcheck": [],
                    "healthcheck_port": 0,
                    "healthy_threshold": 10,
                    "http_healthcheck": [
                      {
                        "host": "",
                        "http2": false,
                        "path": "/"
                      }
                    ],
                    "interval": "2s",
                    "interval_jitter_percent": 0,
                    "stream_healthcheck": [],
                    "timeout": "10s",
                    "unhealthy_threshold": 15
                  }
                ],
                "http2": false,
                "load_balancing_config": [
                  {
                    "locality_aware_routing_percent": 0,
                    "mode": "ROUND_ROBIN",
                    "panic_threshold": 90,
                    "strict_locality": false
                  }
                ],
                "name": "bkg-test",
                "port": 80,
                "storage_bucket": "",
                "target_group_ids": [
                  "ds7pad9h5pigvosmtcqe"
                ],
                "tls": [],
                "weight": 1
              }
            ],
            "id": "ds7g6tuiinq73m888bec",
            "labels": null,
            "name": "",
            "session_affinity": [],
            "stream_backend": [],
            "timeouts": null
          },
          "sensitive_attributes": [],
          "private": "eyJlMmJmYjczMC1lY2FhLTExZTYtOGY4OC0zNDM2M2JjN2M0YzAiOnsiY3JlYXRlIjozMDAwMDAwMDAwMDAsImRlbGV0ZSI6MzAwMDAwMDAwMDAwLCJ1cGRhdGUiOjMwMDAwMDAwMDAwMH19",
          "dependencies": [
            "yandex_alb_target_group.tgs",
            "yandex_compute_instance.vm-web1",
            "yandex_compute_instance.vm-web2",
            "yandex_vpc_gateway.nat_gateway",
            "yandex_vpc_network.internal-bastion-network",
            "yandex_vpc_route_table.rt",
            "yandex_vpc_security_group.internal-bastion-sg",
            "yandex_vpc_subnet.bastion-internal-segment-a",
            "yandex_vpc_subnet.bastion-internal-segment-b"
          ]
        }
      ]
    },
    {
      "mode": "managed",
      "type": "yandex_alb_http_router",
      "name": "htr",
      "provider": "provider[\"registry.terraform.io/yandex-cloud/yandex\"]",
      "instances": [
        {
          "schema_version": 0,
          "attributes": {
            "created_at": "2024-04-22T22:57:16Z",
            "description": "",
            "folder_id": "b1gfcg9sv09pksgqrav5",
            "id": "ds7h9oeaai8o7364eoa7",
            "labels": {
              "empty-label": "",
              "tf-label": "tf-label-value"
            },
            "name": "htr",
            "route_options": [],
            "timeouts": null
          },
          "sensitive_attributes": [],
          "private": "eyJlMmJmYjczMC1lY2FhLTExZTYtOGY4OC0zNDM2M2JjN2M0YzAiOnsiY3JlYXRlIjozMDAwMDAwMDAwMDAsImRlbGV0ZSI6MzAwMDAwMDAwMDAwLCJ1cGRhdGUiOjMwMDAwMDAwMDAwMH19"
        }
      ]
    },
    {
      "mode": "managed",
      "type": "yandex_alb_load_balancer",
      "name": "test-balancer",
      "provider": "provider[\"registry.terraform.io/yandex-cloud/yandex\"]",
      "instances": [
        {
          "schema_version": 0,
          "attributes": {
            "allocation_policy": [
              {
                "location": [
                  {
                    "disable_traffic": false,
                    "subnet_id": "e2lict48dlsfkscmog62",
                    "zone_id": "ru-central1-b"
                  }
                ]
              }
            ],
            "created_at": "2024-04-22T22:57:20Z",
            "description": "",
            "folder_id": "b1gfcg9sv09pksgqrav5",
            "id": "ds7lm4sjgag2vvh3e001",
            "labels": null,
            "listener": [
              {
                "endpoint": [
                  {
                    "address": [
                      {
                        "external_ipv4_address": [
                          {
                            "address": "158.160.160.49"
                          }
                        ],
                        "external_ipv6_address": [],
                        "internal_ipv4_address": []
                      }
                    ],
                    "ports": [
                      9000
                    ]
                  }
                ],
                "http": [
                  {
                    "handler": [
                      {
                        "allow_http10": false,
                        "http2_options": [],
                        "http_router_id": "ds7h9oeaai8o7364eoa7",
                        "rewrite_request_id": false
                      }
                    ],
                    "redirects": []
                  }
                ],
                "name": "listener-test",
                "stream": [],
                "tls": []
              }
            ],
            "log_group_id": "",
            "log_options": [],
            "name": "test-balancer",
            "network_id": "enp18gs1e2l0jfhq7uo1",
            "region_id": "",
            "security_group_ids": [
              "enpsknvcofqtn01tm7l6"
            ],
            "status": "active",
            "timeouts": null
          },
          "sensitive_attributes": [],
          "private": "eyJlMmJmYjczMC1lY2FhLTExZTYtOGY4OC0zNDM2M2JjN2M0YzAiOnsiY3JlYXRlIjo2MDAwMDAwMDAwMDAsImRlbGV0ZSI6NjAwMDAwMDAwMDAwLCJ1cGRhdGUiOjYwMDAwMDAwMDAwMH19",
          "dependencies": [
            "yandex_alb_http_router.htr",
            "yandex_vpc_network.internal-bastion-network",
            "yandex_vpc_security_group.internal-bastion-sg",
            "yandex_vpc_subnet.bastion-internal-segment-c"
          ]
        }
      ]
    },
    {
      "mode": "managed",
      "type": "yandex_alb_target_group",
      "name": "tgs",
      "provider": "provider[\"registry.terraform.io/yandex-cloud/yandex\"]",
      "instances": [
        {
          "schema_version": 0,
          "attributes": {
            "created_at": "2024-04-22T22:58:01Z",
            "description": "",
            "folder_id": "b1gfcg9sv09pksgqrav5",
            "id": "ds7pad9h5pigvosmtcqe",
            "labels": null,
            "name": "tgs",
            "target": [
              {
                "ip_address": "172.16.16.17",
                "private_ipv4_address": false,
                "subnet_id": "e2ld5nhano81empk432l"
              },
              {
                "ip_address": "172.16.15.5",
                "private_ipv4_address": false,
                "subnet_id": "e9b0pf7pv8nd9camba1i"
              }
            ],
            "timeouts": null
          },
          "sensitive_attributes": [],
          "private": "eyJlMmJmYjczMC1lY2FhLTExZTYtOGY4OC0zNDM2M2JjN2M0YzAiOnsiY3JlYXRlIjozMDAwMDAwMDAwMDAsImRlbGV0ZSI6MzAwMDAwMDAwMDAwLCJ1cGRhdGUiOjMwMDAwMDAwMDAwMH19",
          "dependencies": [
            "yandex_compute_instance.vm-web1",
            "yandex_compute_instance.vm-web2",
            "yandex_vpc_gateway.nat_gateway",
            "yandex_vpc_network.internal-bastion-network",
            "yandex_vpc_route_table.rt",
            "yandex_vpc_security_group.internal-bastion-sg",
            "yandex_vpc_subnet.bastion-internal-segment-a",
            "yandex_vpc_subnet.bastion-internal-segment-b"
          ]
        }
      ]
    },
    {
      "mode": "managed",
      "type": "yandex_alb_virtual_host",
      "name": "my-vh",
      "provider": "provider[\"registry.terraform.io/yandex-cloud/yandex\"]",
      "instances": [
        {
          "schema_version": 0,
          "attributes": {
            "authority": null,
            "http_router_id": "ds7h9oeaai8o7364eoa7",
            "id": "ds7h9oeaai8o7364eoa7/my-vh",
            "modify_request_headers": [],
            "modify_response_headers": [],
            "name": "my-vh",
            "route": [
              {
                "grpc_route": [],
                "http_route": [
                  {
                    "direct_response_action": [],
                    "http_match": [],
                    "http_route_action": [
                      {
                        "auto_host_rewrite": false,
                        "backend_group_id": "ds7g6tuiinq73m888bec",
                        "host_rewrite": "",
                        "idle_timeout": "",
                        "prefix_rewrite": "",
                        "timeout": "1m0s",
                        "upgrade_types": null
                      }
                    ],
                    "redirect_action": []
                  }
                ],
                "name": "route-to-hell",
                "route_options": []
              }
            ],
            "route_options": [],
            "timeouts": null
          },
          "sensitive_attributes": [],
          "private": "eyJlMmJmYjczMC1lY2FhLTExZTYtOGY4OC0zNDM2M2JjN2M0YzAiOnsiY3JlYXRlIjozMDAwMDAwMDAwMDAsImRlbGV0ZSI6MzAwMDAwMDAwMDAwLCJ1cGRhdGUiOjMwMDAwMDAwMDAwMH19",
          "dependencies": [
            "yandex_alb_backend_group.backend_group",
            "yandex_alb_http_router.htr",
            "yandex_alb_target_group.tgs",
            "yandex_compute_instance.vm-web1",
            "yandex_compute_instance.vm-web2",
            "yandex_vpc_gateway.nat_gateway",
            "yandex_vpc_network.internal-bastion-network",
            "yandex_vpc_route_table.rt",
            "yandex_vpc_security_group.internal-bastion-sg",
            "yandex_vpc_subnet.bastion-internal-segment-a",
            "yandex_vpc_subnet.bastion-internal-segment-b"
          ]
        }
      ]
    },
    {
      "mode": "managed",
      "type": "yandex_compute_instance",
      "name": "bastion-host",
      "provider": "provider[\"registry.terraform.io/yandex-cloud/yandex\"]",
      "instances": [
        {
          "schema_version": 1,
          "attributes": {
            "allow_recreate": null,
            "allow_stopping_for_update": null,
            "boot_disk": [
              {
                "auto_delete": true,
                "device_name": "fhmtcuid6u1asibt1c92",
                "disk_id": "fhmtcuid6u1asibt1c92",
                "initialize_params": [
                  {
                    "block_size": 4096,
                    "description": "",
                    "image_id": "fd8mfcsu31d3139ufj78",
                    "name": "",
                    "size": 10,
                    "snapshot_id": "",
                    "type": "network-hdd"
                  }
                ],
                "mode": "READ_WRITE"
              }
            ],
            "created_at": "2024-04-22T22:57:22Z",
            "description": "",
            "filesystem": [],
            "folder_id": "b1gfcg9sv09pksgqrav5",
            "fqdn": "fhm4frb2bq6qg5vefbvg.auto.internal",
            "gpu_cluster_id": "",
            "hostname": "",
            "id": "fhm4frb2bq6qg5vefbvg",
            "labels": null,
            "local_disk": [],
            "maintenance_grace_period": "",
            "maintenance_policy": null,
            "metadata": {
              "password": "12345",
              "user": "ermac"
            },
            "metadata_options": [
              {
                "aws_v1_http_endpoint": 1,
                "aws_v1_http_token": 2,
                "gce_http_endpoint": 1,
                "gce_http_token": 1
              }
            ],
            "name": "bastion-host",
            "network_acceleration_type": "standard",
            "network_interface": [
              {
                "dns_record": [],
                "index": 0,
                "ip_address": "172.16.18.5",
                "ipv4": true,
                "ipv6": false,
                "ipv6_address": "",
                "ipv6_dns_record": [],
                "mac_address": "d0:0d:47:ed:62:5e",
                "nat": true,
                "nat_dns_record": [],
                "nat_ip_address": "62.84.126.140",
                "nat_ip_version": "IPV4",
                "security_group_ids": [
                  "enplr327c1n98g6n7gaq"
                ],
                "subnet_id": "e9bpam2ib471omakft8b"
              },
              {
                "dns_record": [],
                "index": 1,
                "ip_address": "172.16.15.254",
                "ipv4": true,
                "ipv6": false,
                "ipv6_address": "",
                "ipv6_dns_record": [],
                "mac_address": "d0:1d:47:ed:62:5e",
                "nat": false,
                "nat_dns_record": [],
                "nat_ip_address": "",
                "nat_ip_version": "",
                "security_group_ids": [
                  "enpsknvcofqtn01tm7l6"
                ],
                "subnet_id": "e9b0pf7pv8nd9camba1i"
              }
            ],
            "placement_policy": [
              {
                "host_affinity_rules": [],
                "placement_group_id": "",
                "placement_group_partition": 0
              }
            ],
            "platform_id": "standard-v2",
            "resources": [
              {
                "core_fraction": 20,
                "cores": 2,
                "gpus": 0,
                "memory": 1
              }
            ],
            "scheduling_policy": [
              {
                "preemptible": true
              }
            ],
            "secondary_disk": [],
            "service_account_id": "",
            "status": "running",
            "timeouts": null,
            "zone": "ru-central1-a"
          },
          "sensitive_attributes": [],
          "private": "eyJlMmJmYjczMC1lY2FhLTExZTYtOGY4OC0zNDM2M2JjN2M0YzAiOnsiY3JlYXRlIjozMDAwMDAwMDAwMDAsImRlbGV0ZSI6MzAwMDAwMDAwMDAwLCJ1cGRhdGUiOjMwMDAwMDAwMDAwMH0sInNjaGVtYV92ZXJzaW9uIjoiMSJ9",
          "dependencies": [
            "yandex_vpc_gateway.nat_gateway",
            "yandex_vpc_network.external-bastion-network",
            "yandex_vpc_network.internal-bastion-network",
            "yandex_vpc_route_table.rt",
            "yandex_vpc_security_group.internal-bastion-sg",
            "yandex_vpc_security_group.secure-bastion-sg",
            "yandex_vpc_subnet.bastion-external-segment",
            "yandex_vpc_subnet.bastion-internal-segment-a"
          ]
        }
      ]
    },
    {
      "mode": "managed",
      "type": "yandex_compute_instance",
      "name": "vm-elastics",
      "provider": "provider[\"registry.terraform.io/yandex-cloud/yandex\"]",
      "instances": [
        {
          "schema_version": 1,
          "attributes": {
            "allow_recreate": null,
            "allow_stopping_for_update": null,
            "boot_disk": [
              {
                "auto_delete": true,
                "device_name": "epdhgsrpd7hj4u3viroo",
                "disk_id": "epdhgsrpd7hj4u3viroo",
                "initialize_params": [
                  {
                    "block_size": 4096,
                    "description": "",
                    "image_id": "fd8l45jhe4nvt0ih7h2e",
                    "name": "",
                    "size": 10,
                    "snapshot_id": "",
                    "type": "network-hdd"
                  }
                ],
                "mode": "READ_WRITE"
              }
            ],
            "created_at": "2024-04-22T22:57:22Z",
            "description": "",
            "filesystem": [],
            "folder_id": "b1gfcg9sv09pksgqrav5",
            "fqdn": "epde21ufeq3sir3hrciv.auto.internal",
            "gpu_cluster_id": "",
            "hostname": "",
            "id": "epde21ufeq3sir3hrciv",
            "labels": null,
            "local_disk": [],
            "maintenance_grace_period": "",
            "maintenance_policy": null,
            "metadata": {
              "user_data": "#cloud-config\nusers:\n - name: ermac\n   groups: sudo\n   shell: /bin/bash\n   sudo: [\"ALL=(ALL) NOPASSWD:ALL\"]\n   ssh-authorized-keys:\n     - ssh-rsa AAAAB3NzaC1yc2EAAAADAQABAAABgQDNP5/gTNSmOG4v06DCdB3UU9CnXqgs97t6dQYzehIX7bwK0mBgN+uV/Kj+Sde0rCiwqcTZ8TVPkLmMXnYCf0H6ilBaOUBUplCLX9hQfACywpS37CtrX/MrlZhpejkPR2EAFI8t1/JbKs99KI/wYlcn6g1SXAuDOyiVwVAGw3PcwdCPvqe/blExZ3arFoWw1bwERoow3ynJKRA5DnISUBb2p1mEH+MMUkE1XR2btfCRe09NmQJseuTJjKKy9pOJntffuxWjcQ0El1vDvn2ZK7s4jlFLIxRmh5f4prguw+72iIhArMz7K1CNd4ZiuMaVrzMCqHLkELoebDnsySTfIqd6oLyYao1ck41lB0aJhxjiiPKJlgdmnJxrGYdQmrF0GKUN8qy3Hx3CeU4C63pA8qkDjAR7sN2vihd5b5Ox5momGbKv1xinMVV9dLtk/LsnNd+gHGiz3biSVckdfPl1mw36mZxCJejtKW/eGr0eyWZNk8/OQSxKFBrwC6le2tySqfU= ermac@DESKTOP-62E2IUC\n"
            },
            "metadata_options": [
              {
                "aws_v1_http_endpoint": 1,
                "aws_v1_http_token": 2,
                "gce_http_endpoint": 1,
                "gce_http_token": 1
              }
            ],
            "name": "vm-elastics2",
            "network_acceleration_type": "standard",
            "network_interface": [
              {
                "dns_record": [],
                "index": 0,
                "ip_address": "172.16.16.25",
                "ipv4": true,
                "ipv6": false,
                "ipv6_address": "",
                "ipv6_dns_record": [],
                "mac_address": "d0:0d:e1:07:cf:76",
                "nat": false,
                "nat_dns_record": [],
                "nat_ip_address": "",
                "nat_ip_version": "",
                "security_group_ids": [
                  "enpsknvcofqtn01tm7l6"
                ],
                "subnet_id": "e2ld5nhano81empk432l"
              }
            ],
            "placement_policy": [
              {
                "host_affinity_rules": [],
                "placement_group_id": "",
                "placement_group_partition": 0
              }
            ],
            "platform_id": "standard-v2",
            "resources": [
              {
                "core_fraction": 20,
                "cores": 2,
                "gpus": 0,
                "memory": 1
              }
            ],
            "scheduling_policy": [
              {
                "preemptible": true
              }
            ],
            "secondary_disk": [],
            "service_account_id": "",
            "status": "running",
            "timeouts": null,
            "zone": "ru-central1-b"
          },
          "sensitive_attributes": [],
          "private": "eyJlMmJmYjczMC1lY2FhLTExZTYtOGY4OC0zNDM2M2JjN2M0YzAiOnsiY3JlYXRlIjozMDAwMDAwMDAwMDAsImRlbGV0ZSI6MzAwMDAwMDAwMDAwLCJ1cGRhdGUiOjMwMDAwMDAwMDAwMH0sInNjaGVtYV92ZXJzaW9uIjoiMSJ9",
          "dependencies": [
            "yandex_vpc_gateway.nat_gateway",
            "yandex_vpc_network.internal-bastion-network",
            "yandex_vpc_route_table.rt",
            "yandex_vpc_security_group.internal-bastion-sg",
            "yandex_vpc_subnet.bastion-internal-segment-b"
          ]
        }
      ]
    },
    {
      "mode": "managed",
      "type": "yandex_compute_instance",
      "name": "vm-kibana",
      "provider": "provider[\"registry.terraform.io/yandex-cloud/yandex\"]",
      "instances": [
        {
          "schema_version": 1,
          "attributes": {
            "allow_recreate": null,
            "allow_stopping_for_update": null,
            "boot_disk": [
              {
                "auto_delete": true,
                "device_name": "epdjat7o1kl2ac7a4gai",
                "disk_id": "epdjat7o1kl2ac7a4gai",
                "initialize_params": [
                  {
                    "block_size": 4096,
                    "description": "",
                    "image_id": "fd8l45jhe4nvt0ih7h2e",
                    "name": "",
                    "size": 10,
                    "snapshot_id": "",
                    "type": "network-hdd"
                  }
                ],
                "mode": "READ_WRITE"
              }
            ],
            "created_at": "2024-04-22T22:57:21Z",
            "description": "",
            "filesystem": [],
            "folder_id": "b1gfcg9sv09pksgqrav5",
            "fqdn": "epds0t5403hqlponb8li.auto.internal",
            "gpu_cluster_id": "",
            "hostname": "",
            "id": "epds0t5403hqlponb8li",
            "labels": null,
            "local_disk": [],
            "maintenance_grace_period": "",
            "maintenance_policy": null,
            "metadata": null,
            "metadata_options": [
              {
                "aws_v1_http_endpoint": 1,
                "aws_v1_http_token": 2,
                "gce_http_endpoint": 1,
                "gce_http_token": 1
              }
            ],
            "name": "vm-kibana",
            "network_acceleration_type": "standard",
            "network_interface": [
              {
                "dns_record": [],
                "index": 0,
                "ip_address": "172.16.17.34",
                "ipv4": true,
                "ipv6": false,
                "ipv6_address": "",
                "ipv6_dns_record": [],
                "mac_address": "d0:0d:1c:07:4a:40",
                "nat": true,
                "nat_dns_record": [],
                "nat_ip_address": "84.201.155.49",
                "nat_ip_version": "IPV4",
                "security_group_ids": [
                  "enpsknvcofqtn01tm7l6"
                ],
                "subnet_id": "e2lict48dlsfkscmog62"
              }
            ],
            "placement_policy": [
              {
                "host_affinity_rules": [],
                "placement_group_id": "",
                "placement_group_partition": 0
              }
            ],
            "platform_id": "standard-v2",
            "resources": [
              {
                "core_fraction": 20,
                "cores": 2,
                "gpus": 0,
                "memory": 1
              }
            ],
            "scheduling_policy": [
              {
                "preemptible": true
              }
            ],
            "secondary_disk": [],
            "service_account_id": "",
            "status": "running",
            "timeouts": null,
            "zone": "ru-central1-b"
          },
          "sensitive_attributes": [],
          "private": "eyJlMmJmYjczMC1lY2FhLTExZTYtOGY4OC0zNDM2M2JjN2M0YzAiOnsiY3JlYXRlIjozMDAwMDAwMDAwMDAsImRlbGV0ZSI6MzAwMDAwMDAwMDAwLCJ1cGRhdGUiOjMwMDAwMDAwMDAwMH0sInNjaGVtYV92ZXJzaW9uIjoiMSJ9",
          "dependencies": [
            "yandex_vpc_network.internal-bastion-network",
            "yandex_vpc_security_group.internal-bastion-sg",
            "yandex_vpc_subnet.bastion-internal-segment-c"
          ]
        }
      ]
    },
    {
      "mode": "managed",
      "type": "yandex_compute_instance",
      "name": "vm-web1",
      "provider": "provider[\"registry.terraform.io/yandex-cloud/yandex\"]",
      "instances": [
        {
          "schema_version": 1,
          "attributes": {
            "allow_recreate": null,
            "allow_stopping_for_update": null,
            "boot_disk": [
              {
                "auto_delete": true,
                "device_name": "fhm3bm1s8avo480og9ja",
                "disk_id": "fhm3bm1s8avo480og9ja",
                "initialize_params": [
                  {
                    "block_size": 4096,
                    "description": "",
                    "image_id": "fd8l45jhe4nvt0ih7h2e",
                    "name": "",
                    "size": 10,
                    "snapshot_id": "",
                    "type": "network-hdd"
                  }
                ],
                "mode": "READ_WRITE"
              }
            ],
            "created_at": "2024-04-22T22:57:22Z",
            "description": "",
            "filesystem": [],
            "folder_id": "b1gfcg9sv09pksgqrav5",
            "fqdn": "fhmd9e9uggiql1htcq8m.auto.internal",
            "gpu_cluster_id": "",
            "hostname": "",
            "id": "fhmd9e9uggiql1htcq8m",
            "labels": null,
            "local_disk": [],
            "maintenance_grace_period": "",
            "maintenance_policy": null,
            "metadata": {
              "user_data": "#cloud-config\nusers:\n - name: ermac\n   groups: sudo\n   shell: /bin/bash\n   sudo: [\"ALL=(ALL) NOPASSWD:ALL\"]\n   ssh-authorized-keys:\n     - ssh-rsa AAAAB3NzaC1yc2EAAAADAQABAAABgQDNP5/gTNSmOG4v06DCdB3UU9CnXqgs97t6dQYzehIX7bwK0mBgN+uV/Kj+Sde0rCiwqcTZ8TVPkLmMXnYCf0H6ilBaOUBUplCLX9hQfACywpS37CtrX/MrlZhpejkPR2EAFI8t1/JbKs99KI/wYlcn6g1SXAuDOyiVwVAGw3PcwdCPvqe/blExZ3arFoWw1bwERoow3ynJKRA5DnISUBb2p1mEH+MMUkE1XR2btfCRe09NmQJseuTJjKKy9pOJntffuxWjcQ0El1vDvn2ZK7s4jlFLIxRmh5f4prguw+72iIhArMz7K1CNd4ZiuMaVrzMCqHLkELoebDnsySTfIqd6oLyYao1ck41lB0aJhxjiiPKJlgdmnJxrGYdQmrF0GKUN8qy3Hx3CeU4C63pA8qkDjAR7sN2vihd5b5Ox5momGbKv1xinMVV9dLtk/LsnNd+gHGiz3biSVckdfPl1mw36mZxCJejtKW/eGr0eyWZNk8/OQSxKFBrwC6le2tySqfU= ermac@DESKTOP-62E2IUC\n"
            },
            "metadata_options": [
              {
                "aws_v1_http_endpoint": 1,
                "aws_v1_http_token": 2,
                "gce_http_endpoint": 1,
                "gce_http_token": 1
              }
            ],
            "name": "vm-web-a",
            "network_acceleration_type": "standard",
            "network_interface": [
              {
                "dns_record": [],
                "index": 0,
                "ip_address": "172.16.15.5",
                "ipv4": true,
                "ipv6": false,
                "ipv6_address": "",
                "ipv6_dns_record": [],
                "mac_address": "d0:0d:d4:b9:3e:84",
                "nat": false,
                "nat_dns_record": [],
                "nat_ip_address": "",
                "nat_ip_version": "",
                "security_group_ids": [
                  "enpsknvcofqtn01tm7l6"
                ],
                "subnet_id": "e9b0pf7pv8nd9camba1i"
              }
            ],
            "placement_policy": [
              {
                "host_affinity_rules": [],
                "placement_group_id": "",
                "placement_group_partition": 0
              }
            ],
            "platform_id": "standard-v2",
            "resources": [
              {
                "core_fraction": 20,
                "cores": 2,
                "gpus": 0,
                "memory": 1
              }
            ],
            "scheduling_policy": [
              {
                "preemptible": true
              }
            ],
            "secondary_disk": [],
            "service_account_id": "",
            "status": "running",
            "timeouts": null,
            "zone": "ru-central1-a"
          },
          "sensitive_attributes": [],
          "private": "eyJlMmJmYjczMC1lY2FhLTExZTYtOGY4OC0zNDM2M2JjN2M0YzAiOnsiY3JlYXRlIjozMDAwMDAwMDAwMDAsImRlbGV0ZSI6MzAwMDAwMDAwMDAwLCJ1cGRhdGUiOjMwMDAwMDAwMDAwMH0sInNjaGVtYV92ZXJzaW9uIjoiMSJ9",
          "dependencies": [
            "yandex_vpc_gateway.nat_gateway",
            "yandex_vpc_network.internal-bastion-network",
            "yandex_vpc_route_table.rt",
            "yandex_vpc_security_group.internal-bastion-sg",
            "yandex_vpc_subnet.bastion-internal-segment-a"
          ]
        }
      ]
    },
    {
      "mode": "managed",
      "type": "yandex_compute_instance",
      "name": "vm-web2",
      "provider": "provider[\"registry.terraform.io/yandex-cloud/yandex\"]",
      "instances": [
        {
          "schema_version": 1,
          "attributes": {
            "allow_recreate": null,
            "allow_stopping_for_update": null,
            "boot_disk": [
              {
                "auto_delete": true,
                "device_name": "epdjos24gk8sspgf83a8",
                "disk_id": "epdjos24gk8sspgf83a8",
                "initialize_params": [
                  {
                    "block_size": 4096,
                    "description": "",
                    "image_id": "fd8l45jhe4nvt0ih7h2e",
                    "name": "",
                    "size": 10,
                    "snapshot_id": "",
                    "type": "network-hdd"
                  }
                ],
                "mode": "READ_WRITE"
              }
            ],
            "created_at": "2024-04-22T22:57:22Z",
            "description": "",
            "filesystem": [],
            "folder_id": "b1gfcg9sv09pksgqrav5",
            "fqdn": "epdlkgqhctghcq1og4fm.auto.internal",
            "gpu_cluster_id": "",
            "hostname": "",
            "id": "epdlkgqhctghcq1og4fm",
            "labels": null,
            "local_disk": [],
            "maintenance_grace_period": "",
            "maintenance_policy": null,
            "metadata": null,
            "metadata_options": [
              {
                "aws_v1_http_endpoint": 1,
                "aws_v1_http_token": 2,
                "gce_http_endpoint": 1,
                "gce_http_token": 1
              }
            ],
            "name": "vm-web2",
            "network_acceleration_type": "standard",
            "network_interface": [
              {
                "dns_record": [],
                "index": 0,
                "ip_address": "172.16.16.17",
                "ipv4": true,
                "ipv6": false,
                "ipv6_address": "",
                "ipv6_dns_record": [],
                "mac_address": "d0:0d:15:a4:35:16",
                "nat": false,
                "nat_dns_record": [],
                "nat_ip_address": "",
                "nat_ip_version": "",
                "security_group_ids": [
                  "enpsknvcofqtn01tm7l6"
                ],
                "subnet_id": "e2ld5nhano81empk432l"
              }
            ],
            "placement_policy": [
              {
                "host_affinity_rules": [],
                "placement_group_id": "",
                "placement_group_partition": 0
              }
            ],
            "platform_id": "standard-v2",
            "resources": [
              {
                "core_fraction": 20,
                "cores": 2,
                "gpus": 0,
                "memory": 1
              }
            ],
            "scheduling_policy": [
              {
                "preemptible": true
              }
            ],
            "secondary_disk": [],
            "service_account_id": "",
            "status": "running",
            "timeouts": null,
            "zone": "ru-central1-b"
          },
          "sensitive_attributes": [],
          "private": "eyJlMmJmYjczMC1lY2FhLTExZTYtOGY4OC0zNDM2M2JjN2M0YzAiOnsiY3JlYXRlIjozMDAwMDAwMDAwMDAsImRlbGV0ZSI6MzAwMDAwMDAwMDAwLCJ1cGRhdGUiOjMwMDAwMDAwMDAwMH0sInNjaGVtYV92ZXJzaW9uIjoiMSJ9",
          "dependencies": [
            "yandex_vpc_gateway.nat_gateway",
            "yandex_vpc_network.internal-bastion-network",
            "yandex_vpc_route_table.rt",
            "yandex_vpc_security_group.internal-bastion-sg",
            "yandex_vpc_subnet.bastion-internal-segment-b"
          ]
        }
      ]
    },
    {
      "mode": "managed",
      "type": "yandex_compute_instance",
      "name": "vm-zabbix",
      "provider": "provider[\"registry.terraform.io/yandex-cloud/yandex\"]",
      "instances": [
        {
          "schema_version": 1,
          "attributes": {
            "allow_recreate": null,
            "allow_stopping_for_update": null,
            "boot_disk": [
              {
                "auto_delete": true,
                "device_name": "epdd4e5ad6b8477hnan2",
                "disk_id": "epdd4e5ad6b8477hnan2",
                "initialize_params": [
                  {
                    "block_size": 4096,
                    "description": "",
                    "image_id": "fd8l45jhe4nvt0ih7h2e",
                    "name": "",
                    "size": 10,
                    "snapshot_id": "",
                    "type": "network-hdd"
                  }
                ],
                "mode": "READ_WRITE"
              }
            ],
            "created_at": "2024-04-22T22:57:21Z",
            "description": "",
            "filesystem": [],
            "folder_id": "b1gfcg9sv09pksgqrav5",
            "fqdn": "epdk8a924uv2vhorus0c.auto.internal",
            "gpu_cluster_id": "",
            "hostname": "",
            "id": "epdk8a924uv2vhorus0c",
            "labels": null,
            "local_disk": [],
            "maintenance_grace_period": "",
            "maintenance_policy": null,
            "metadata": {
              "user_data": "#cloud-config\nusers:\n - name: ermac\n   groups: sudo\n   shell: /bin/bash\n   sudo: [\"ALL=(ALL) NOPASSWD:ALL\"]\n   ssh-authorized-keys:\n     - ssh-rsa AAAAB3NzaC1yc2EAAAADAQABAAABgQDNP5/gTNSmOG4v06DCdB3UU9CnXqgs97t6dQYzehIX7bwK0mBgN+uV/Kj+Sde0rCiwqcTZ8TVPkLmMXnYCf0H6ilBaOUBUplCLX9hQfACywpS37CtrX/MrlZhpejkPR2EAFI8t1/JbKs99KI/wYlcn6g1SXAuDOyiVwVAGw3PcwdCPvqe/blExZ3arFoWw1bwERoow3ynJKRA5DnISUBb2p1mEH+MMUkE1XR2btfCRe09NmQJseuTJjKKy9pOJntffuxWjcQ0El1vDvn2ZK7s4jlFLIxRmh5f4prguw+72iIhArMz7K1CNd4ZiuMaVrzMCqHLkELoebDnsySTfIqd6oLyYao1ck41lB0aJhxjiiPKJlgdmnJxrGYdQmrF0GKUN8qy3Hx3CeU4C63pA8qkDjAR7sN2vihd5b5Ox5momGbKv1xinMVV9dLtk/LsnNd+gHGiz3biSVckdfPl1mw36mZxCJejtKW/eGr0eyWZNk8/OQSxKFBrwC6le2tySqfU= ermac@DESKTOP-62E2IUC\n"
            },
            "metadata_options": [
              {
                "aws_v1_http_endpoint": 1,
                "aws_v1_http_token": 2,
                "gce_http_endpoint": 1,
                "gce_http_token": 1
              }
            ],
            "name": "vm-zabbix",
            "network_acceleration_type": "standard",
            "network_interface": [
              {
                "dns_record": [],
                "index": 0,
                "ip_address": "172.16.17.32",
                "ipv4": true,
                "ipv6": false,
                "ipv6_address": "",
                "ipv6_dns_record": [],
                "mac_address": "d0:0d:14:42:92:22",
                "nat": true,
                "nat_dns_record": [],
                "nat_ip_address": "84.201.136.77",
                "nat_ip_version": "IPV4",
                "security_group_ids": [
                  "enpsknvcofqtn01tm7l6"
                ],
                "subnet_id": "e2lict48dlsfkscmog62"
              }
            ],
            "placement_policy": [
              {
                "host_affinity_rules": [],
                "placement_group_id": "",
                "placement_group_partition": 0
              }
            ],
            "platform_id": "standard-v2",
            "resources": [
              {
                "core_fraction": 20,
                "cores": 2,
                "gpus": 0,
                "memory": 1
              }
            ],
            "scheduling_policy": [
              {
                "preemptible": true
              }
            ],
            "secondary_disk": [],
            "service_account_id": "",
            "status": "running",
            "timeouts": null,
            "zone": "ru-central1-b"
          },
          "sensitive_attributes": [],
          "private": "eyJlMmJmYjczMC1lY2FhLTExZTYtOGY4OC0zNDM2M2JjN2M0YzAiOnsiY3JlYXRlIjozMDAwMDAwMDAwMDAsImRlbGV0ZSI6MzAwMDAwMDAwMDAwLCJ1cGRhdGUiOjMwMDAwMDAwMDAwMH0sInNjaGVtYV92ZXJzaW9uIjoiMSJ9",
          "dependencies": [
            "yandex_vpc_network.internal-bastion-network",
            "yandex_vpc_security_group.internal-bastion-sg",
            "yandex_vpc_subnet.bastion-internal-segment-c"
          ]
        }
      ]
    },
    {
      "mode": "managed",
      "type": "yandex_vpc_gateway",
      "name": "nat_gateway",
      "provider": "provider[\"registry.terraform.io/yandex-cloud/yandex\"]",
      "instances": [
        {
          "schema_version": 0,
          "attributes": {
            "created_at": "2024-04-22T22:57:16Z",
            "description": "",
            "folder_id": "b1gfcg9sv09pksgqrav5",
            "id": "enpkq180pg6qaqmn0fdf",
            "labels": {},
            "name": "test-gateway",
            "shared_egress_gateway": [
              {}
            ],
            "timeouts": null
          },
          "sensitive_attributes": [],
          "private": "eyJlMmJmYjczMC1lY2FhLTExZTYtOGY4OC0zNDM2M2JjN2M0YzAiOnsiY3JlYXRlIjo2MDAwMDAwMDAwMCwiZGVsZXRlIjo2MDAwMDAwMDAwMCwidXBkYXRlIjo2MDAwMDAwMDAwMH19"
        }
      ]
    },
    {
      "mode": "managed",
      "type": "yandex_vpc_network",
      "name": "external-bastion-network",
      "provider": "provider[\"registry.terraform.io/yandex-cloud/yandex\"]",
      "instances": [
        {
          "schema_version": 0,
          "attributes": {
            "created_at": "2024-04-22T22:57:16Z",
            "default_security_group_id": "enpo7bd9ck5kpuhgsv35",
            "description": "",
            "folder_id": "b1gfcg9sv09pksgqrav5",
            "id": "enpv3f4tp50mo4o5tbl0",
            "labels": {},
            "name": "external-bastion-network",
            "subnet_ids": [],
            "timeouts": null
          },
          "sensitive_attributes": [],
          "private": "eyJlMmJmYjczMC1lY2FhLTExZTYtOGY4OC0zNDM2M2JjN2M0YzAiOnsiY3JlYXRlIjo2MDAwMDAwMDAwMCwiZGVsZXRlIjo2MDAwMDAwMDAwMCwidXBkYXRlIjo2MDAwMDAwMDAwMH19"
        }
      ]
    },
    {
      "mode": "managed",
      "type": "yandex_vpc_network",
      "name": "internal-bastion-network",
      "provider": "provider[\"registry.terraform.io/yandex-cloud/yandex\"]",
      "instances": [
        {
          "schema_version": 0,
          "attributes": {
            "created_at": "2024-04-22T22:57:18Z",
            "default_security_group_id": "enp3b4eb7pdicobq4kn2",
            "description": "",
            "folder_id": "b1gfcg9sv09pksgqrav5",
            "id": "enp18gs1e2l0jfhq7uo1",
            "labels": {},
            "name": "internal-bastion-network",
            "subnet_ids": [],
            "timeouts": null
          },
          "sensitive_attributes": [],
          "private": "eyJlMmJmYjczMC1lY2FhLTExZTYtOGY4OC0zNDM2M2JjN2M0YzAiOnsiY3JlYXRlIjo2MDAwMDAwMDAwMCwiZGVsZXRlIjo2MDAwMDAwMDAwMCwidXBkYXRlIjo2MDAwMDAwMDAwMH19"
        }
      ]
    },
    {
      "mode": "managed",
      "type": "yandex_vpc_route_table",
      "name": "rt",
      "provider": "provider[\"registry.terraform.io/yandex-cloud/yandex\"]",
      "instances": [
        {
          "schema_version": 0,
          "attributes": {
            "created_at": "2024-04-22T22:57:20Z",
            "description": "",
            "folder_id": "b1gfcg9sv09pksgqrav5",
            "id": "enpjn0ohgu43rtt8maq8",
            "labels": {},
            "name": "test-route-table",
            "network_id": "enp18gs1e2l0jfhq7uo1",
            "static_route": [
              {
                "destination_prefix": "0.0.0.0/0",
                "gateway_id": "enpkq180pg6qaqmn0fdf",
                "next_hop_address": ""
              }
            ],
            "timeouts": null
          },
          "sensitive_attributes": [],
          "private": "eyJlMmJmYjczMC1lY2FhLTExZTYtOGY4OC0zNDM2M2JjN2M0YzAiOnsiY3JlYXRlIjoxODAwMDAwMDAwMDAsImRlbGV0ZSI6MTgwMDAwMDAwMDAwLCJ1cGRhdGUiOjE4MDAwMDAwMDAwMH19",
          "dependencies": [
            "yandex_vpc_gateway.nat_gateway",
            "yandex_vpc_network.internal-bastion-network"
          ]
        }
      ]
    },
    {
      "mode": "managed",
      "type": "yandex_vpc_security_group",
      "name": "internal-bastion-sg",
      "provider": "provider[\"registry.terraform.io/yandex-cloud/yandex\"]",
      "instances": [
        {
          "schema_version": 0,
          "attributes": {
            "created_at": "2024-04-22T22:57:19Z",
            "description": "",
            "egress": [
              {
                "description": "Allow ssh protocol to internet",
                "from_port": -1,
                "id": "enp7vh5ndg1c5g91choe",
                "labels": {},
                "port": 22,
                "predefined_target": "self_security_group",
                "protocol": "TCP",
                "security_group_id": "",
                "to_port": -1,
                "v4_cidr_blocks": [],
                "v6_cidr_blocks": []
              }
            ],
            "folder_id": "b1gfcg9sv09pksgqrav5",
            "id": "enpsknvcofqtn01tm7l6",
            "ingress": [
              {
                "description": "Allow ssh protocol from internet",
                "from_port": -1,
                "id": "enpo4bg4f0hhtk974rgc",
                "labels": {},
                "port": 22,
                "predefined_target": "",
                "protocol": "TCP",
                "security_group_id": "",
                "to_port": -1,
                "v4_cidr_blocks": [
                  "172.16.15.254/32"
                ],
                "v6_cidr_blocks": []
              },
              {
                "description": "Health checks from NLB",
                "from_port": -1,
                "id": "enpj6ng0blbvkr1urbr8",
                "labels": {},
                "port": -1,
                "predefined_target": "loadbalancer_healthchecks",
                "protocol": "TCP",
                "security_group_id": "",
                "to_port": -1,
                "v4_cidr_blocks": [],
                "v6_cidr_blocks": []
              }
            ],
            "labels": {},
            "name": "",
            "network_id": "enp18gs1e2l0jfhq7uo1",
            "status": "ACTIVE",
            "timeouts": null
          },
          "sensitive_attributes": [],
          "private": "eyJlMmJmYjczMC1lY2FhLTExZTYtOGY4OC0zNDM2M2JjN2M0YzAiOnsiY3JlYXRlIjoxODAwMDAwMDAwMDAsImRlbGV0ZSI6MTgwMDAwMDAwMDAwLCJ1cGRhdGUiOjE4MDAwMDAwMDAwMH19",
          "dependencies": [
            "yandex_vpc_network.internal-bastion-network"
          ]
        }
      ]
    },
    {
      "mode": "managed",
      "type": "yandex_vpc_security_group",
      "name": "secure-bastion-sg",
      "provider": "provider[\"registry.terraform.io/yandex-cloud/yandex\"]",
      "instances": [
        {
          "schema_version": 0,
          "attributes": {
            "created_at": "2024-04-22T22:57:17Z",
            "description": "",
            "egress": [],
            "folder_id": "b1gfcg9sv09pksgqrav5",
            "id": "enplr327c1n98g6n7gaq",
            "ingress": [
              {
                "description": "Allow ssh protocol from internet",
                "from_port": -1,
                "id": "enpad781pimgnr37k87g",
                "labels": {},
                "port": 22,
                "predefined_target": "",
                "protocol": "TCP",
                "security_group_id": "",
                "to_port": -1,
                "v4_cidr_blocks": [
                  "0.0.0.0/0"
                ],
                "v6_cidr_blocks": []
              }
            ],
            "labels": {},
            "name": "",
            "network_id": "enpv3f4tp50mo4o5tbl0",
            "status": "ACTIVE",
            "timeouts": null
          },
          "sensitive_attributes": [],
          "private": "eyJlMmJmYjczMC1lY2FhLTExZTYtOGY4OC0zNDM2M2JjN2M0YzAiOnsiY3JlYXRlIjoxODAwMDAwMDAwMDAsImRlbGV0ZSI6MTgwMDAwMDAwMDAwLCJ1cGRhdGUiOjE4MDAwMDAwMDAwMH19",
          "dependencies": [
            "yandex_vpc_network.external-bastion-network"
          ]
        }
      ]
    },
    {
      "mode": "managed",
      "type": "yandex_vpc_subnet",
      "name": "bastion-external-segment",
      "provider": "provider[\"registry.terraform.io/yandex-cloud/yandex\"]",
      "instances": [
        {
          "schema_version": 0,
          "attributes": {
            "created_at": "2024-04-22T22:57:17Z",
            "description": "",
            "dhcp_options": [],
            "folder_id": "b1gfcg9sv09pksgqrav5",
            "id": "e9bpam2ib471omakft8b",
            "labels": {},
            "name": "bastion-external-segment",
            "network_id": "enpv3f4tp50mo4o5tbl0",
            "route_table_id": "",
            "timeouts": null,
            "v4_cidr_blocks": [
              "172.16.18.0/28"
            ],
            "v6_cidr_blocks": [],
            "zone": "ru-central1-a"
          },
          "sensitive_attributes": [],
          "private": "eyJlMmJmYjczMC1lY2FhLTExZTYtOGY4OC0zNDM2M2JjN2M0YzAiOnsiY3JlYXRlIjoxODAwMDAwMDAwMDAsImRlbGV0ZSI6MTgwMDAwMDAwMDAwLCJ1cGRhdGUiOjE4MDAwMDAwMDAwMH19",
          "dependencies": [
            "yandex_vpc_network.external-bastion-network"
          ]
        }
      ]
    },
    {
      "mode": "managed",
      "type": "yandex_vpc_subnet",
      "name": "bastion-internal-segment-a",
      "provider": "provider[\"registry.terraform.io/yandex-cloud/yandex\"]",
      "instances": [
        {
          "schema_version": 0,
          "attributes": {
            "created_at": "2024-04-22T22:57:21Z",
            "description": "",
            "dhcp_options": [],
            "folder_id": "b1gfcg9sv09pksgqrav5",
            "id": "e9b0pf7pv8nd9camba1i",
            "labels": {},
            "name": "bastion-internal-segment-a",
            "network_id": "enp18gs1e2l0jfhq7uo1",
            "route_table_id": "enpjn0ohgu43rtt8maq8",
            "timeouts": null,
            "v4_cidr_blocks": [
              "172.16.15.0/24"
            ],
            "v6_cidr_blocks": [],
            "zone": "ru-central1-a"
          },
          "sensitive_attributes": [],
          "private": "eyJlMmJmYjczMC1lY2FhLTExZTYtOGY4OC0zNDM2M2JjN2M0YzAiOnsiY3JlYXRlIjoxODAwMDAwMDAwMDAsImRlbGV0ZSI6MTgwMDAwMDAwMDAwLCJ1cGRhdGUiOjE4MDAwMDAwMDAwMH19",
          "dependencies": [
            "yandex_vpc_gateway.nat_gateway",
            "yandex_vpc_network.internal-bastion-network",
            "yandex_vpc_route_table.rt"
          ]
        }
      ]
    },
    {
      "mode": "managed",
      "type": "yandex_vpc_subnet",
      "name": "bastion-internal-segment-b",
      "provider": "provider[\"registry.terraform.io/yandex-cloud/yandex\"]",
      "instances": [
        {
          "schema_version": 0,
          "attributes": {
            "created_at": "2024-04-22T22:57:21Z",
            "description": "",
            "dhcp_options": [],
            "folder_id": "b1gfcg9sv09pksgqrav5",
            "id": "e2ld5nhano81empk432l",
            "labels": {},
            "name": "bastion-internal-segment-b",
            "network_id": "enp18gs1e2l0jfhq7uo1",
            "route_table_id": "enpjn0ohgu43rtt8maq8",
            "timeouts": null,
            "v4_cidr_blocks": [
              "172.16.16.0/24"
            ],
            "v6_cidr_blocks": [],
            "zone": "ru-central1-b"
          },
          "sensitive_attributes": [],
          "private": "eyJlMmJmYjczMC1lY2FhLTExZTYtOGY4OC0zNDM2M2JjN2M0YzAiOnsiY3JlYXRlIjoxODAwMDAwMDAwMDAsImRlbGV0ZSI6MTgwMDAwMDAwMDAwLCJ1cGRhdGUiOjE4MDAwMDAwMDAwMH19",
          "dependencies": [
            "yandex_vpc_gateway.nat_gateway",
            "yandex_vpc_network.internal-bastion-network",
            "yandex_vpc_route_table.rt"
          ]
        }
      ]
    },
    {
      "mode": "managed",
      "type": "yandex_vpc_subnet",
      "name": "bastion-internal-segment-c",
      "provider": "provider[\"registry.terraform.io/yandex-cloud/yandex\"]",
      "instances": [
        {
          "schema_version": 0,
          "attributes": {
            "created_at": "2024-04-22T22:57:19Z",
            "description": "",
            "dhcp_options": [],
            "folder_id": "b1gfcg9sv09pksgqrav5",
            "id": "e2lict48dlsfkscmog62",
            "labels": {},
            "name": "bastion-internal-segment-c",
            "network_id": "enp18gs1e2l0jfhq7uo1",
            "route_table_id": "",
            "timeouts": null,
            "v4_cidr_blocks": [
              "172.16.17.0/24"
            ],
            "v6_cidr_blocks": [],
            "zone": "ru-central1-b"
          },
          "sensitive_attributes": [],
          "private": "eyJlMmJmYjczMC1lY2FhLTExZTYtOGY4OC0zNDM2M2JjN2M0YzAiOnsiY3JlYXRlIjoxODAwMDAwMDAwMDAsImRlbGV0ZSI6MTgwMDAwMDAwMDAwLCJ1cGRhdGUiOjE4MDAwMDAwMDAwMH19",
          "dependencies": [
            "yandex_vpc_network.internal-bastion-network"
          ]
        }
      ]
    }
  ],
  "check_results": null
}
