{
  "version": 4,
  "terraform_version": "1.7.0",
  "serial": 1587,
  "lineage": "5ba3e8bb-92b2-7701-3a78-66c5d177cb82",
  "outputs": {},
  "resources": [
    {
      "mode": "managed",
      "type": "yandex_vpc_gateway",
      "name": "nat_gateway",
      "provider": "provider[\"registry.terraform.io/yandex-cloud/yandex\"]",
      "instances": [
        {
          "schema_version": 0,
          "attributes": {
            "created_at": "2024-05-02T20:58:29Z",
            "description": "",
            "folder_id": "b1gglr7jgq075fs1mcqp",
            "id": "enpkq13c8tpo77dp080k",
            "labels": {},
            "name": "test-gateway",
            "shared_egress_gateway": [
              {}
            ],
            "timeouts": null
          },
          "sensitive_attributes": [],
          "private": "eyJlMmJmYjczMC1lY2FhLTExZTYtOGY4OC0zNDM2M2JjN2M0YzAiOnsiY3JlYXRlIjo2MDAwMDAwMDAwMCwiZGVsZXRlIjo2MDAwMDAwMDAwMCwidXBkYXRlIjo2MDAwMDAwMDAwMH19"
        }
      ]
    }
  ],
  "check_results": null
}
